// !$*UTF8*$!
{
	archiveVersion = 1;
	classes = {
	};
	objectVersion = 56;
	objects = {

/* Begin PBXBuildFile section */
		EE06AEEC2A3DE5F700DEF51C /* LoginViewController.swift in Sources */ = {isa = PBXBuildFile; fileRef = EE06AEEB2A3DE5F700DEF51C /* LoginViewController.swift */; };
		EE06AEEE2A3DE5FE00DEF51C /* LoginViewModel.swift in Sources */ = {isa = PBXBuildFile; fileRef = EE06AEED2A3DE5FE00DEF51C /* LoginViewModel.swift */; };
		EE06AEF02A3DE60400DEF51C /* LoginView.swift in Sources */ = {isa = PBXBuildFile; fileRef = EE06AEEF2A3DE60400DEF51C /* LoginView.swift */; };
		EE1C47D02A3090FA008585D1 /* HeyTicketDateFormatter.swift in Sources */ = {isa = PBXBuildFile; fileRef = EE1C47CF2A3090FA008585D1 /* HeyTicketDateFormatter.swift */; };
		EE1C47D82A31B416008585D1 /* MoreTicketTableViewCell.swift in Sources */ = {isa = PBXBuildFile; fileRef = EE1C47D72A31B416008585D1 /* MoreTicketTableViewCell.swift */; };
		EE1C47DA2A31B44D008585D1 /* MoreTicketViewController.swift in Sources */ = {isa = PBXBuildFile; fileRef = EE1C47D92A31B44D008585D1 /* MoreTicketViewController.swift */; };
		EE1C47DC2A31B45F008585D1 /* MoreTicketViewModel.swift in Sources */ = {isa = PBXBuildFile; fileRef = EE1C47DB2A31B45F008585D1 /* MoreTicketViewModel.swift */; };
		EE1C47DE2A31B46A008585D1 /* MoreTicketViewModelInterface.swift in Sources */ = {isa = PBXBuildFile; fileRef = EE1C47DD2A31B46A008585D1 /* MoreTicketViewModelInterface.swift */; };
		EE1C47E02A31B50A008585D1 /* MoreTicketView.swift in Sources */ = {isa = PBXBuildFile; fileRef = EE1C47DF2A31B50A008585D1 /* MoreTicketView.swift */; };
		EE3827F52A4329D8003042E6 /* PasswordLoginView.swift in Sources */ = {isa = PBXBuildFile; fileRef = EE3827F42A4329D8003042E6 /* PasswordLoginView.swift */; };
		EE3827F72A4329E7003042E6 /* PasswordLoginViewController.swift in Sources */ = {isa = PBXBuildFile; fileRef = EE3827F62A4329E7003042E6 /* PasswordLoginViewController.swift */; };
		EE3827F92A4329F1003042E6 /* PasswordLoginViewModel.swift in Sources */ = {isa = PBXBuildFile; fileRef = EE3827F82A4329F1003042E6 /* PasswordLoginViewModel.swift */; };
		EE3827FB2A433C03003042E6 /* LoginDIContainer.swift in Sources */ = {isa = PBXBuildFile; fileRef = EE3827FA2A433C03003042E6 /* LoginDIContainer.swift */; };
		EE3827FD2A433C0B003042E6 /* LoginCoordinator.swift in Sources */ = {isa = PBXBuildFile; fileRef = EE3827FC2A433C0B003042E6 /* LoginCoordinator.swift */; };
		EE3828152A445038003042E6 /* Regex.swift in Sources */ = {isa = PBXBuildFile; fileRef = EE3828142A445038003042E6 /* Regex.swift */; };
		EE3828192A447197003042E6 /* EmailCeritificationView.swift in Sources */ = {isa = PBXBuildFile; fileRef = EE3828182A447197003042E6 /* EmailCeritificationView.swift */; };
		EE3828202A4471E4003042E6 /* EmailCertificationViewModel.swift in Sources */ = {isa = PBXBuildFile; fileRef = EE38281F2A4471E4003042E6 /* EmailCertificationViewModel.swift */; };
		EE3828222A4471EE003042E6 /* PasswordRegisterViewModel.swift in Sources */ = {isa = PBXBuildFile; fileRef = EE3828212A4471EE003042E6 /* PasswordRegisterViewModel.swift */; };
		EE3828242A447F67003042E6 /* EmailCertificationViewController.swift in Sources */ = {isa = PBXBuildFile; fileRef = EE3828232A447F67003042E6 /* EmailCertificationViewController.swift */; };
		EE3C4CDD2A2B3D6D0049F737 /* DIContainer.swift in Sources */ = {isa = PBXBuildFile; fileRef = EE3C4CDC2A2B3D6D0049F737 /* DIContainer.swift */; };
		EE3C4CDF2A2B3D760049F737 /* Coordinator.swift in Sources */ = {isa = PBXBuildFile; fileRef = EE3C4CDE2A2B3D760049F737 /* Coordinator.swift */; };
		EE3C4CE12A2B3DB30049F737 /* TabBarDIContainer.swift in Sources */ = {isa = PBXBuildFile; fileRef = EE3C4CE02A2B3DB30049F737 /* TabBarDIContainer.swift */; };
		EE3C4CE32A2B3DC20049F737 /* TabBarCoordinator.swift in Sources */ = {isa = PBXBuildFile; fileRef = EE3C4CE22A2B3DC20049F737 /* TabBarCoordinator.swift */; };
		EE3C4CE72A2B62450049F737 /* HomeDIContainer.swift in Sources */ = {isa = PBXBuildFile; fileRef = EE3C4CE62A2B62450049F737 /* HomeDIContainer.swift */; };
		EE3C4CE92A2B624D0049F737 /* MyPageDIContainer.swift in Sources */ = {isa = PBXBuildFile; fileRef = EE3C4CE82A2B624D0049F737 /* MyPageDIContainer.swift */; };
		EE3C4CEB2A2B62550049F737 /* CategoryDIContainer.swift in Sources */ = {isa = PBXBuildFile; fileRef = EE3C4CEA2A2B62550049F737 /* CategoryDIContainer.swift */; };
		EE3C4CED2A2B63EB0049F737 /* HomeCoordinator.swift in Sources */ = {isa = PBXBuildFile; fileRef = EE3C4CEC2A2B63EB0049F737 /* HomeCoordinator.swift */; };
		EE3C4CEF2A2B64B60049F737 /* CategoryCoordinator.swift in Sources */ = {isa = PBXBuildFile; fileRef = EE3C4CEE2A2B64B60049F737 /* CategoryCoordinator.swift */; };
		EE3C4CF12A2B65D90049F737 /* MyPageCoordinator.swift in Sources */ = {isa = PBXBuildFile; fileRef = EE3C4CF02A2B65D90049F737 /* MyPageCoordinator.swift */; };
		EE3C4D012A2C8D0A0049F737 /* HomeHeaderView.swift in Sources */ = {isa = PBXBuildFile; fileRef = EE3C4D002A2C8D0A0049F737 /* HomeHeaderView.swift */; };
		EE3C4D062A2C8D270049F737 /* HomeViewModel.swift in Sources */ = {isa = PBXBuildFile; fileRef = EE3C4D052A2C8D270049F737 /* HomeViewModel.swift */; };
		EE3C4D082A2C8D3D0049F737 /* HomeViewModelInterface.swift in Sources */ = {isa = PBXBuildFile; fileRef = EE3C4D072A2C8D3D0049F737 /* HomeViewModelInterface.swift */; };
		EE3C4D0B2A2C8DD10049F737 /* Pretendard-Black.otf in Resources */ = {isa = PBXBuildFile; fileRef = EE3C4D0A2A2C8DD10049F737 /* Pretendard-Black.otf */; };
		EE3C4D0F2A2C90760049F737 /* TableOnlyView.swift in Sources */ = {isa = PBXBuildFile; fileRef = EE3C4D0E2A2C90760049F737 /* TableOnlyView.swift */; };
		EE3C4D122A2C911C0049F737 /* CellReuseable.swift in Sources */ = {isa = PBXBuildFile; fileRef = EE3C4D112A2C911C0049F737 /* CellReuseable.swift */; };
		EE3C4D152A2C91860049F737 /* UITableView+extension.swift in Sources */ = {isa = PBXBuildFile; fileRef = EE3C4D142A2C91860049F737 /* UITableView+extension.swift */; };
		EE3C4D172A2C91A50049F737 /* UICollectionView+extension.swift in Sources */ = {isa = PBXBuildFile; fileRef = EE3C4D162A2C91A50049F737 /* UICollectionView+extension.swift */; };
		EE3C4D192A2C92840049F737 /* HomeRecommendBannerTableViewCell.swift in Sources */ = {isa = PBXBuildFile; fileRef = EE3C4D182A2C92840049F737 /* HomeRecommendBannerTableViewCell.swift */; };
		EE3C4D1B2A2C92F20049F737 /* SectionTitleTableViewCell.swift in Sources */ = {isa = PBXBuildFile; fileRef = EE3C4D1A2A2C92F20049F737 /* SectionTitleTableViewCell.swift */; };
		EE3C4D1D2A2C93010049F737 /* CategorySelectTableViewCell.swift in Sources */ = {isa = PBXBuildFile; fileRef = EE3C4D1C2A2C93010049F737 /* CategorySelectTableViewCell.swift */; };
		EE3C4D1F2A2C93C30049F737 /* TicketListTableViewCell.swift in Sources */ = {isa = PBXBuildFile; fileRef = EE3C4D1E2A2C93C30049F737 /* TicketListTableViewCell.swift */; };
		EE3C4D222A2C93DD0049F737 /* HomeTicketCollectionViewCell.swift in Sources */ = {isa = PBXBuildFile; fileRef = EE3C4D212A2C93DD0049F737 /* HomeTicketCollectionViewCell.swift */; };
		EE3C4D242A2C93ED0049F737 /* CategoryCollectionViewCell.swift in Sources */ = {isa = PBXBuildFile; fileRef = EE3C4D232A2C93ED0049F737 /* CategoryCollectionViewCell.swift */; };
		EE47A8AD2A24C2D000FAAC06 /* AppDelegate.swift in Sources */ = {isa = PBXBuildFile; fileRef = EE47A8AC2A24C2D000FAAC06 /* AppDelegate.swift */; };
		EE47A8AF2A24C2D000FAAC06 /* SceneDelegate.swift in Sources */ = {isa = PBXBuildFile; fileRef = EE47A8AE2A24C2D000FAAC06 /* SceneDelegate.swift */; };
		EE47A8B92A24C2D100FAAC06 /* LaunchScreen.storyboard in Resources */ = {isa = PBXBuildFile; fileRef = EE47A8B72A24C2D100FAAC06 /* LaunchScreen.storyboard */; };
		EE5BFF9D2A4952F800C242DC /* InterestCategoryView.swift in Sources */ = {isa = PBXBuildFile; fileRef = EE5BFF9C2A4952F800C242DC /* InterestCategoryView.swift */; };
		EE5BFF9F2A49563900C242DC /* InterestCategoryViewController.swift in Sources */ = {isa = PBXBuildFile; fileRef = EE5BFF9E2A49563900C242DC /* InterestCategoryViewController.swift */; };
		EE5BFFA22A49585300C242DC /* InterestTagCollectionViewCell.swift in Sources */ = {isa = PBXBuildFile; fileRef = EE5BFFA12A49585300C242DC /* InterestTagCollectionViewCell.swift */; };
		EE5BFFA82A495D1000C242DC /* ChipCollectionViewCell.swift in Sources */ = {isa = PBXBuildFile; fileRef = EE5BFFA72A495D1000C242DC /* ChipCollectionViewCell.swift */; };
		EE5BFFC02A4C450500C242DC /* InterestKeywordViewController.swift in Sources */ = {isa = PBXBuildFile; fileRef = EE5BFFBF2A4C450500C242DC /* InterestKeywordViewController.swift */; };
		EE5BFFC22A4C451400C242DC /* InterestKeywordView.swift in Sources */ = {isa = PBXBuildFile; fileRef = EE5BFFC12A4C451400C242DC /* InterestKeywordView.swift */; };
		EE5CEECA2A39C2CF00E1907E /* SortingModalViewController.swift in Sources */ = {isa = PBXBuildFile; fileRef = EE5CEEC92A39C2CF00E1907E /* SortingModalViewController.swift */; };
		EE5CEECE2A39C67800E1907E /* SortingModalBottomView.swift in Sources */ = {isa = PBXBuildFile; fileRef = EE5CEECD2A39C67800E1907E /* SortingModalBottomView.swift */; };
		EE5CEED02A39C69900E1907E /* SortingModalTableViewCell.swift in Sources */ = {isa = PBXBuildFile; fileRef = EE5CEECF2A39C69900E1907E /* SortingModalTableViewCell.swift */; };
		EE5E1B4A2A341AB300C9438F /* Tag+extension.swift in Sources */ = {isa = PBXBuildFile; fileRef = EE5E1B492A341AB300C9438F /* Tag+extension.swift */; };
		EE6AB9102A262E4F00F18596 /* BaseViewController.swift in Sources */ = {isa = PBXBuildFile; fileRef = EE6AB90F2A262E4F00F18596 /* BaseViewController.swift */; };
		EE6AB9142A262E8100F18596 /* BaseTableViewCell.swift in Sources */ = {isa = PBXBuildFile; fileRef = EE6AB9132A262E8100F18596 /* BaseTableViewCell.swift */; };
		EE6AB9162A262E8A00F18596 /* BaseCollectionViewCell.swift in Sources */ = {isa = PBXBuildFile; fileRef = EE6AB9152A262E8A00F18596 /* BaseCollectionViewCell.swift */; };
		EE6AB91A2A262EB100F18596 /* UseCase.swift in Sources */ = {isa = PBXBuildFile; fileRef = EE6AB9192A262EB100F18596 /* UseCase.swift */; };
		EE6AB91C2A262EBA00F18596 /* RepositoryInterface.swift in Sources */ = {isa = PBXBuildFile; fileRef = EE6AB91B2A262EBA00F18596 /* RepositoryInterface.swift */; };
		EE6AB91E2A262EC400F18596 /* Repository.swift in Sources */ = {isa = PBXBuildFile; fileRef = EE6AB91D2A262EC400F18596 /* Repository.swift */; };
		EE6AB9202A262ECA00F18596 /* Service.swift in Sources */ = {isa = PBXBuildFile; fileRef = EE6AB91F2A262ECA00F18596 /* Service.swift */; };
		EE6AB9222A262ECF00F18596 /* Model.swift in Sources */ = {isa = PBXBuildFile; fileRef = EE6AB9212A262ECF00F18596 /* Model.swift */; };
		EE7A96F62A25D32E003E362F /* SnapKit in Frameworks */ = {isa = PBXBuildFile; productRef = EE7A96F52A25D32E003E362F /* SnapKit */; };
		EE7A96F92A25D3B9003E362F /* RxCocoa in Frameworks */ = {isa = PBXBuildFile; productRef = EE7A96F82A25D3B9003E362F /* RxCocoa */; };
		EE7A96FB2A25D3B9003E362F /* RxSwift in Frameworks */ = {isa = PBXBuildFile; productRef = EE7A96FA2A25D3B9003E362F /* RxSwift */; };
		EE9EC0512A28B4B000C77D16 /* TabBarItem.swift in Sources */ = {isa = PBXBuildFile; fileRef = EE9EC04F2A28B4B000C77D16 /* TabBarItem.swift */; };
		EE9EC0562A28B4C700C77D16 /* HomeViewController.swift in Sources */ = {isa = PBXBuildFile; fileRef = EE9EC0532A28B4C700C77D16 /* HomeViewController.swift */; };
		EE9EC0572A28B4C700C77D16 /* MyPageViewController.swift in Sources */ = {isa = PBXBuildFile; fileRef = EE9EC0542A28B4C700C77D16 /* MyPageViewController.swift */; };
		EE9EC0582A28B4C700C77D16 /* CategoryViewController.swift in Sources */ = {isa = PBXBuildFile; fileRef = EE9EC0552A28B4C700C77D16 /* CategoryViewController.swift */; };
		EE9EC05A2A28B50100C77D16 /* TabBarViewController.swift in Sources */ = {isa = PBXBuildFile; fileRef = EE9EC0592A28B50100C77D16 /* TabBarViewController.swift */; };
		EEB570832A4F12AB005CE363 /* SignUpAgreementModalViewController.swift in Sources */ = {isa = PBXBuildFile; fileRef = EEB570822A4F12AB005CE363 /* SignUpAgreementModalViewController.swift */; };
		EEB570852A4F153A005CE363 /* SignUpAgreementTableViewCell.swift in Sources */ = {isa = PBXBuildFile; fileRef = EEB570842A4F153A005CE363 /* SignUpAgreementTableViewCell.swift */; };
		EEC8CF9A2A4D61D7003153E2 /* ChipCancelCollectionViewCell.swift in Sources */ = {isa = PBXBuildFile; fileRef = EEC8CF992A4D61D7003153E2 /* ChipCancelCollectionViewCell.swift */; };
		EEC8CF9C2A4D68D9003153E2 /* InterestKeywordCancelChipCollectionViewCell.swift in Sources */ = {isa = PBXBuildFile; fileRef = EEC8CF9B2A4D68D9003153E2 /* InterestKeywordCancelChipCollectionViewCell.swift */; };
		EED4A52C2A46AFB20012B6BD /* PasswordSettingView.swift in Sources */ = {isa = PBXBuildFile; fileRef = EED4A52B2A46AFB20012B6BD /* PasswordSettingView.swift */; };
		EED4A5312A46B47F0012B6BD /* PasswordSettingViewController.swift in Sources */ = {isa = PBXBuildFile; fileRef = EED4A5302A46B47F0012B6BD /* PasswordSettingViewController.swift */; };
		EED4A5372A46B9010012B6BD /* PasswordFindView.swift in Sources */ = {isa = PBXBuildFile; fileRef = EED4A5362A46B9010012B6BD /* PasswordFindView.swift */; };
		EED4A5392A46B91B0012B6BD /* NewPasswordRegisterView.swift in Sources */ = {isa = PBXBuildFile; fileRef = EED4A5382A46B91B0012B6BD /* NewPasswordRegisterView.swift */; };
		EED4A53C2A46BE920012B6BD /* PasswordFindViewController.swift in Sources */ = {isa = PBXBuildFile; fileRef = EED4A53B2A46BE920012B6BD /* PasswordFindViewController.swift */; };
		EED4A53E2A46C4010012B6BD /* NewPasswordRegisterViewController.swift in Sources */ = {isa = PBXBuildFile; fileRef = EED4A53D2A46C4010012B6BD /* NewPasswordRegisterViewController.swift */; };
		EED4A54F2A4806CF0012B6BD /* SignUpDIContainer.swift in Sources */ = {isa = PBXBuildFile; fileRef = EED4A54E2A4806CF0012B6BD /* SignUpDIContainer.swift */; };
		EED4A5512A4806DA0012B6BD /* SignUpCoordinator.swift in Sources */ = {isa = PBXBuildFile; fileRef = EED4A5502A4806DA0012B6BD /* SignUpCoordinator.swift */; };
		EEEA35242A28B72D003431B5 /* HeyTicketKit.framework in Frameworks */ = {isa = PBXBuildFile; fileRef = EEEA35232A28B726003431B5 /* HeyTicketKit.framework */; };
		EEEA35252A28B72D003431B5 /* HeyTicketKit.framework in Embed Frameworks */ = {isa = PBXBuildFile; fileRef = EEEA35232A28B726003431B5 /* HeyTicketKit.framework */; settings = {ATTRIBUTES = (CodeSignOnCopy, RemoveHeadersOnCopy, ); }; };
		EEEA355A2A28B99D003431B5 /* Pretendard-Medium.otf in Resources */ = {isa = PBXBuildFile; fileRef = EEEA35562A28B99C003431B5 /* Pretendard-Medium.otf */; };
		EEEA355B2A28B99D003431B5 /* Pretendard-Regular.otf in Resources */ = {isa = PBXBuildFile; fileRef = EEEA35572A28B99C003431B5 /* Pretendard-Regular.otf */; };
		EEEA355C2A28B99D003431B5 /* Pretendard-Bold.otf in Resources */ = {isa = PBXBuildFile; fileRef = EEEA35582A28B99C003431B5 /* Pretendard-Bold.otf */; };
		EEEA355D2A28B99D003431B5 /* Pretendard-SemiBold.otf in Resources */ = {isa = PBXBuildFile; fileRef = EEEA35592A28B99D003431B5 /* Pretendard-SemiBold.otf */; };
		EEEFAD6E2A2D819500A2B140 /* RankingTicketCollectionViewCell.swift in Sources */ = {isa = PBXBuildFile; fileRef = EEEFAD6D2A2D819500A2B140 /* RankingTicketCollectionViewCell.swift */; };
		EEEFAD742A2DAC7F00A2B140 /* BaseViewModel.swift in Sources */ = {isa = PBXBuildFile; fileRef = EEEFAD732A2DAC7F00A2B140 /* BaseViewModel.swift */; };
		EEEFAD762A2DCC9C00A2B140 /* RecommendTicketCollectionViewCell.swift in Sources */ = {isa = PBXBuildFile; fileRef = EEEFAD752A2DCC9C00A2B140 /* RecommendTicketCollectionViewCell.swift */; };
		EEEFAD8A2A2F336900A2B140 /* Ticket.swift in Sources */ = {isa = PBXBuildFile; fileRef = EEEFAD892A2F336900A2B140 /* Ticket.swift */; };
		EEEFAD8C2A2F343600A2B140 /* TicketResponseModel.swift in Sources */ = {isa = PBXBuildFile; fileRef = EEEFAD8B2A2F343600A2B140 /* TicketResponseModel.swift */; };
		EEEFAD8E2A2F3CBB00A2B140 /* TicketMapping.swift in Sources */ = {isa = PBXBuildFile; fileRef = EEEFAD8D2A2F3CBB00A2B140 /* TicketMapping.swift */; };
/* End PBXBuildFile section */

/* Begin PBXContainerItemProxy section */
		EEEA35222A28B726003431B5 /* PBXContainerItemProxy */ = {
			isa = PBXContainerItemProxy;
			containerPortal = EEEA351E2A28B726003431B5 /* HeyTicketKit.xcodeproj */;
			proxyType = 2;
			remoteGlobalIDString = EE7A96EA2A25D01E003E362F;
			remoteInfo = HeyTicketKit;
		};
/* End PBXContainerItemProxy section */

/* Begin PBXCopyFilesBuildPhase section */
		EE950C242A27229E005EC418 /* Embed Frameworks */ = {
			isa = PBXCopyFilesBuildPhase;
			buildActionMask = 2147483647;
			dstPath = "";
			dstSubfolderSpec = 10;
			files = (
				EEEA35252A28B72D003431B5 /* HeyTicketKit.framework in Embed Frameworks */,
			);
			name = "Embed Frameworks";
			runOnlyForDeploymentPostprocessing = 0;
		};
/* End PBXCopyFilesBuildPhase section */

/* Begin PBXFileReference section */
		EE06AEEB2A3DE5F700DEF51C /* LoginViewController.swift */ = {isa = PBXFileReference; lastKnownFileType = sourcecode.swift; path = LoginViewController.swift; sourceTree = "<group>"; };
		EE06AEED2A3DE5FE00DEF51C /* LoginViewModel.swift */ = {isa = PBXFileReference; lastKnownFileType = sourcecode.swift; path = LoginViewModel.swift; sourceTree = "<group>"; };
		EE06AEEF2A3DE60400DEF51C /* LoginView.swift */ = {isa = PBXFileReference; lastKnownFileType = sourcecode.swift; path = LoginView.swift; sourceTree = "<group>"; };
		EE1C47CF2A3090FA008585D1 /* HeyTicketDateFormatter.swift */ = {isa = PBXFileReference; lastKnownFileType = sourcecode.swift; path = HeyTicketDateFormatter.swift; sourceTree = "<group>"; };
		EE1C47D72A31B416008585D1 /* MoreTicketTableViewCell.swift */ = {isa = PBXFileReference; lastKnownFileType = sourcecode.swift; path = MoreTicketTableViewCell.swift; sourceTree = "<group>"; };
		EE1C47D92A31B44D008585D1 /* MoreTicketViewController.swift */ = {isa = PBXFileReference; lastKnownFileType = sourcecode.swift; path = MoreTicketViewController.swift; sourceTree = "<group>"; };
		EE1C47DB2A31B45F008585D1 /* MoreTicketViewModel.swift */ = {isa = PBXFileReference; lastKnownFileType = sourcecode.swift; path = MoreTicketViewModel.swift; sourceTree = "<group>"; };
		EE1C47DD2A31B46A008585D1 /* MoreTicketViewModelInterface.swift */ = {isa = PBXFileReference; lastKnownFileType = sourcecode.swift; path = MoreTicketViewModelInterface.swift; sourceTree = "<group>"; };
		EE1C47DF2A31B50A008585D1 /* MoreTicketView.swift */ = {isa = PBXFileReference; lastKnownFileType = sourcecode.swift; path = MoreTicketView.swift; sourceTree = "<group>"; };
		EE3827F42A4329D8003042E6 /* PasswordLoginView.swift */ = {isa = PBXFileReference; lastKnownFileType = sourcecode.swift; path = PasswordLoginView.swift; sourceTree = "<group>"; };
		EE3827F62A4329E7003042E6 /* PasswordLoginViewController.swift */ = {isa = PBXFileReference; lastKnownFileType = sourcecode.swift; path = PasswordLoginViewController.swift; sourceTree = "<group>"; };
		EE3827F82A4329F1003042E6 /* PasswordLoginViewModel.swift */ = {isa = PBXFileReference; lastKnownFileType = sourcecode.swift; path = PasswordLoginViewModel.swift; sourceTree = "<group>"; };
		EE3827FA2A433C03003042E6 /* LoginDIContainer.swift */ = {isa = PBXFileReference; lastKnownFileType = sourcecode.swift; path = LoginDIContainer.swift; sourceTree = "<group>"; };
		EE3827FC2A433C0B003042E6 /* LoginCoordinator.swift */ = {isa = PBXFileReference; lastKnownFileType = sourcecode.swift; path = LoginCoordinator.swift; sourceTree = "<group>"; };
		EE3828142A445038003042E6 /* Regex.swift */ = {isa = PBXFileReference; lastKnownFileType = sourcecode.swift; path = Regex.swift; sourceTree = "<group>"; };
		EE3828182A447197003042E6 /* EmailCeritificationView.swift */ = {isa = PBXFileReference; lastKnownFileType = sourcecode.swift; path = EmailCeritificationView.swift; sourceTree = "<group>"; };
		EE38281F2A4471E4003042E6 /* EmailCertificationViewModel.swift */ = {isa = PBXFileReference; lastKnownFileType = sourcecode.swift; path = EmailCertificationViewModel.swift; sourceTree = "<group>"; };
		EE3828212A4471EE003042E6 /* PasswordRegisterViewModel.swift */ = {isa = PBXFileReference; lastKnownFileType = sourcecode.swift; path = PasswordRegisterViewModel.swift; sourceTree = "<group>"; };
		EE3828232A447F67003042E6 /* EmailCertificationViewController.swift */ = {isa = PBXFileReference; lastKnownFileType = sourcecode.swift; path = EmailCertificationViewController.swift; sourceTree = "<group>"; };
		EE3C4CDC2A2B3D6D0049F737 /* DIContainer.swift */ = {isa = PBXFileReference; lastKnownFileType = sourcecode.swift; path = DIContainer.swift; sourceTree = "<group>"; };
		EE3C4CDE2A2B3D760049F737 /* Coordinator.swift */ = {isa = PBXFileReference; lastKnownFileType = sourcecode.swift; path = Coordinator.swift; sourceTree = "<group>"; };
		EE3C4CE02A2B3DB30049F737 /* TabBarDIContainer.swift */ = {isa = PBXFileReference; lastKnownFileType = sourcecode.swift; path = TabBarDIContainer.swift; sourceTree = "<group>"; };
		EE3C4CE22A2B3DC20049F737 /* TabBarCoordinator.swift */ = {isa = PBXFileReference; lastKnownFileType = sourcecode.swift; path = TabBarCoordinator.swift; sourceTree = "<group>"; };
		EE3C4CE62A2B62450049F737 /* HomeDIContainer.swift */ = {isa = PBXFileReference; lastKnownFileType = sourcecode.swift; path = HomeDIContainer.swift; sourceTree = "<group>"; };
		EE3C4CE82A2B624D0049F737 /* MyPageDIContainer.swift */ = {isa = PBXFileReference; lastKnownFileType = sourcecode.swift; path = MyPageDIContainer.swift; sourceTree = "<group>"; };
		EE3C4CEA2A2B62550049F737 /* CategoryDIContainer.swift */ = {isa = PBXFileReference; lastKnownFileType = sourcecode.swift; path = CategoryDIContainer.swift; sourceTree = "<group>"; };
		EE3C4CEC2A2B63EB0049F737 /* HomeCoordinator.swift */ = {isa = PBXFileReference; lastKnownFileType = sourcecode.swift; path = HomeCoordinator.swift; sourceTree = "<group>"; };
		EE3C4CEE2A2B64B60049F737 /* CategoryCoordinator.swift */ = {isa = PBXFileReference; lastKnownFileType = sourcecode.swift; path = CategoryCoordinator.swift; sourceTree = "<group>"; };
		EE3C4CF02A2B65D90049F737 /* MyPageCoordinator.swift */ = {isa = PBXFileReference; lastKnownFileType = sourcecode.swift; path = MyPageCoordinator.swift; sourceTree = "<group>"; };
		EE3C4D002A2C8D0A0049F737 /* HomeHeaderView.swift */ = {isa = PBXFileReference; lastKnownFileType = sourcecode.swift; path = HomeHeaderView.swift; sourceTree = "<group>"; };
		EE3C4D052A2C8D270049F737 /* HomeViewModel.swift */ = {isa = PBXFileReference; lastKnownFileType = sourcecode.swift; path = HomeViewModel.swift; sourceTree = "<group>"; };
		EE3C4D072A2C8D3D0049F737 /* HomeViewModelInterface.swift */ = {isa = PBXFileReference; lastKnownFileType = sourcecode.swift; path = HomeViewModelInterface.swift; sourceTree = "<group>"; };
		EE3C4D0A2A2C8DD10049F737 /* Pretendard-Black.otf */ = {isa = PBXFileReference; lastKnownFileType = file; path = "Pretendard-Black.otf"; sourceTree = "<group>"; };
		EE3C4D0E2A2C90760049F737 /* TableOnlyView.swift */ = {isa = PBXFileReference; lastKnownFileType = sourcecode.swift; path = TableOnlyView.swift; sourceTree = "<group>"; };
		EE3C4D112A2C911C0049F737 /* CellReuseable.swift */ = {isa = PBXFileReference; lastKnownFileType = sourcecode.swift; path = CellReuseable.swift; sourceTree = "<group>"; };
		EE3C4D142A2C91860049F737 /* UITableView+extension.swift */ = {isa = PBXFileReference; lastKnownFileType = sourcecode.swift; path = "UITableView+extension.swift"; sourceTree = "<group>"; };
		EE3C4D162A2C91A50049F737 /* UICollectionView+extension.swift */ = {isa = PBXFileReference; lastKnownFileType = sourcecode.swift; path = "UICollectionView+extension.swift"; sourceTree = "<group>"; };
		EE3C4D182A2C92840049F737 /* HomeRecommendBannerTableViewCell.swift */ = {isa = PBXFileReference; lastKnownFileType = sourcecode.swift; path = HomeRecommendBannerTableViewCell.swift; sourceTree = "<group>"; };
		EE3C4D1A2A2C92F20049F737 /* SectionTitleTableViewCell.swift */ = {isa = PBXFileReference; lastKnownFileType = sourcecode.swift; path = SectionTitleTableViewCell.swift; sourceTree = "<group>"; };
		EE3C4D1C2A2C93010049F737 /* CategorySelectTableViewCell.swift */ = {isa = PBXFileReference; lastKnownFileType = sourcecode.swift; path = CategorySelectTableViewCell.swift; sourceTree = "<group>"; };
		EE3C4D1E2A2C93C30049F737 /* TicketListTableViewCell.swift */ = {isa = PBXFileReference; lastKnownFileType = sourcecode.swift; path = TicketListTableViewCell.swift; sourceTree = "<group>"; };
		EE3C4D212A2C93DD0049F737 /* HomeTicketCollectionViewCell.swift */ = {isa = PBXFileReference; lastKnownFileType = sourcecode.swift; path = HomeTicketCollectionViewCell.swift; sourceTree = "<group>"; };
		EE3C4D232A2C93ED0049F737 /* CategoryCollectionViewCell.swift */ = {isa = PBXFileReference; lastKnownFileType = sourcecode.swift; path = CategoryCollectionViewCell.swift; sourceTree = "<group>"; };
		EE47A8A92A24C2D000FAAC06 /* HeyTicket.app */ = {isa = PBXFileReference; explicitFileType = wrapper.application; includeInIndex = 0; path = HeyTicket.app; sourceTree = BUILT_PRODUCTS_DIR; };
		EE47A8AC2A24C2D000FAAC06 /* AppDelegate.swift */ = {isa = PBXFileReference; lastKnownFileType = sourcecode.swift; path = AppDelegate.swift; sourceTree = "<group>"; };
		EE47A8AE2A24C2D000FAAC06 /* SceneDelegate.swift */ = {isa = PBXFileReference; lastKnownFileType = sourcecode.swift; path = SceneDelegate.swift; sourceTree = "<group>"; };
		EE47A8B82A24C2D100FAAC06 /* Base */ = {isa = PBXFileReference; lastKnownFileType = file.storyboard; name = Base; path = Base.lproj/LaunchScreen.storyboard; sourceTree = "<group>"; };
		EE47A8BA2A24C2D100FAAC06 /* Info.plist */ = {isa = PBXFileReference; lastKnownFileType = text.plist.xml; path = Info.plist; sourceTree = "<group>"; };
		EE5BFF9C2A4952F800C242DC /* InterestCategoryView.swift */ = {isa = PBXFileReference; lastKnownFileType = sourcecode.swift; path = InterestCategoryView.swift; sourceTree = "<group>"; };
		EE5BFF9E2A49563900C242DC /* InterestCategoryViewController.swift */ = {isa = PBXFileReference; lastKnownFileType = sourcecode.swift; path = InterestCategoryViewController.swift; sourceTree = "<group>"; };
		EE5BFFA12A49585300C242DC /* InterestTagCollectionViewCell.swift */ = {isa = PBXFileReference; lastKnownFileType = sourcecode.swift; path = InterestTagCollectionViewCell.swift; sourceTree = "<group>"; };
		EE5BFFA72A495D1000C242DC /* ChipCollectionViewCell.swift */ = {isa = PBXFileReference; lastKnownFileType = sourcecode.swift; path = ChipCollectionViewCell.swift; sourceTree = "<group>"; };
		EE5BFFBF2A4C450500C242DC /* InterestKeywordViewController.swift */ = {isa = PBXFileReference; lastKnownFileType = sourcecode.swift; path = InterestKeywordViewController.swift; sourceTree = "<group>"; };
		EE5BFFC12A4C451400C242DC /* InterestKeywordView.swift */ = {isa = PBXFileReference; lastKnownFileType = sourcecode.swift; path = InterestKeywordView.swift; sourceTree = "<group>"; };
		EE5CEEC92A39C2CF00E1907E /* SortingModalViewController.swift */ = {isa = PBXFileReference; lastKnownFileType = sourcecode.swift; path = SortingModalViewController.swift; sourceTree = "<group>"; };
		EE5CEECD2A39C67800E1907E /* SortingModalBottomView.swift */ = {isa = PBXFileReference; lastKnownFileType = sourcecode.swift; path = SortingModalBottomView.swift; sourceTree = "<group>"; };
		EE5CEECF2A39C69900E1907E /* SortingModalTableViewCell.swift */ = {isa = PBXFileReference; lastKnownFileType = sourcecode.swift; path = SortingModalTableViewCell.swift; sourceTree = "<group>"; };
		EE5E1B492A341AB300C9438F /* Tag+extension.swift */ = {isa = PBXFileReference; lastKnownFileType = sourcecode.swift; path = "Tag+extension.swift"; sourceTree = "<group>"; };
		EE6AB90F2A262E4F00F18596 /* BaseViewController.swift */ = {isa = PBXFileReference; lastKnownFileType = sourcecode.swift; path = BaseViewController.swift; sourceTree = "<group>"; };
		EE6AB9132A262E8100F18596 /* BaseTableViewCell.swift */ = {isa = PBXFileReference; lastKnownFileType = sourcecode.swift; path = BaseTableViewCell.swift; sourceTree = "<group>"; };
		EE6AB9152A262E8A00F18596 /* BaseCollectionViewCell.swift */ = {isa = PBXFileReference; lastKnownFileType = sourcecode.swift; path = BaseCollectionViewCell.swift; sourceTree = "<group>"; };
		EE6AB9192A262EB100F18596 /* UseCase.swift */ = {isa = PBXFileReference; lastKnownFileType = sourcecode.swift; path = UseCase.swift; sourceTree = "<group>"; };
		EE6AB91B2A262EBA00F18596 /* RepositoryInterface.swift */ = {isa = PBXFileReference; lastKnownFileType = sourcecode.swift; path = RepositoryInterface.swift; sourceTree = "<group>"; };
		EE6AB91D2A262EC400F18596 /* Repository.swift */ = {isa = PBXFileReference; lastKnownFileType = sourcecode.swift; path = Repository.swift; sourceTree = "<group>"; };
		EE6AB91F2A262ECA00F18596 /* Service.swift */ = {isa = PBXFileReference; lastKnownFileType = sourcecode.swift; path = Service.swift; sourceTree = "<group>"; };
		EE6AB9212A262ECF00F18596 /* Model.swift */ = {isa = PBXFileReference; lastKnownFileType = sourcecode.swift; path = Model.swift; sourceTree = "<group>"; };
		EE9EC04F2A28B4B000C77D16 /* TabBarItem.swift */ = {isa = PBXFileReference; fileEncoding = 4; lastKnownFileType = sourcecode.swift; path = TabBarItem.swift; sourceTree = "<group>"; };
		EE9EC0532A28B4C700C77D16 /* HomeViewController.swift */ = {isa = PBXFileReference; fileEncoding = 4; lastKnownFileType = sourcecode.swift; path = HomeViewController.swift; sourceTree = "<group>"; };
		EE9EC0542A28B4C700C77D16 /* MyPageViewController.swift */ = {isa = PBXFileReference; fileEncoding = 4; lastKnownFileType = sourcecode.swift; path = MyPageViewController.swift; sourceTree = "<group>"; };
		EE9EC0552A28B4C700C77D16 /* CategoryViewController.swift */ = {isa = PBXFileReference; fileEncoding = 4; lastKnownFileType = sourcecode.swift; path = CategoryViewController.swift; sourceTree = "<group>"; };
		EE9EC0592A28B50100C77D16 /* TabBarViewController.swift */ = {isa = PBXFileReference; fileEncoding = 4; lastKnownFileType = sourcecode.swift; path = TabBarViewController.swift; sourceTree = "<group>"; };
		EEB570822A4F12AB005CE363 /* SignUpAgreementModalViewController.swift */ = {isa = PBXFileReference; lastKnownFileType = sourcecode.swift; path = SignUpAgreementModalViewController.swift; sourceTree = "<group>"; };
		EEB570842A4F153A005CE363 /* SignUpAgreementTableViewCell.swift */ = {isa = PBXFileReference; lastKnownFileType = sourcecode.swift; path = SignUpAgreementTableViewCell.swift; sourceTree = "<group>"; };
		EEC8CF992A4D61D7003153E2 /* ChipCancelCollectionViewCell.swift */ = {isa = PBXFileReference; lastKnownFileType = sourcecode.swift; path = ChipCancelCollectionViewCell.swift; sourceTree = "<group>"; };
		EEC8CF9B2A4D68D9003153E2 /* InterestKeywordCancelChipCollectionViewCell.swift */ = {isa = PBXFileReference; lastKnownFileType = sourcecode.swift; path = InterestKeywordCancelChipCollectionViewCell.swift; sourceTree = "<group>"; };
		EED4A52B2A46AFB20012B6BD /* PasswordSettingView.swift */ = {isa = PBXFileReference; lastKnownFileType = sourcecode.swift; path = PasswordSettingView.swift; sourceTree = "<group>"; };
		EED4A5302A46B47F0012B6BD /* PasswordSettingViewController.swift */ = {isa = PBXFileReference; lastKnownFileType = sourcecode.swift; path = PasswordSettingViewController.swift; sourceTree = "<group>"; };
		EED4A5362A46B9010012B6BD /* PasswordFindView.swift */ = {isa = PBXFileReference; lastKnownFileType = sourcecode.swift; path = PasswordFindView.swift; sourceTree = "<group>"; };
		EED4A5382A46B91B0012B6BD /* NewPasswordRegisterView.swift */ = {isa = PBXFileReference; lastKnownFileType = sourcecode.swift; path = NewPasswordRegisterView.swift; sourceTree = "<group>"; };
		EED4A53B2A46BE920012B6BD /* PasswordFindViewController.swift */ = {isa = PBXFileReference; lastKnownFileType = sourcecode.swift; path = PasswordFindViewController.swift; sourceTree = "<group>"; };
		EED4A53D2A46C4010012B6BD /* NewPasswordRegisterViewController.swift */ = {isa = PBXFileReference; lastKnownFileType = sourcecode.swift; path = NewPasswordRegisterViewController.swift; sourceTree = "<group>"; };
		EED4A54E2A4806CF0012B6BD /* SignUpDIContainer.swift */ = {isa = PBXFileReference; lastKnownFileType = sourcecode.swift; path = SignUpDIContainer.swift; sourceTree = "<group>"; };
		EED4A5502A4806DA0012B6BD /* SignUpCoordinator.swift */ = {isa = PBXFileReference; lastKnownFileType = sourcecode.swift; path = SignUpCoordinator.swift; sourceTree = "<group>"; };
		EEEA351E2A28B726003431B5 /* HeyTicketKit.xcodeproj */ = {isa = PBXFileReference; lastKnownFileType = "wrapper.pb-project"; name = HeyTicketKit.xcodeproj; path = ../HeyTicketKit_iOS/HeyTicketKit.xcodeproj; sourceTree = "<group>"; };
		EEEA35562A28B99C003431B5 /* Pretendard-Medium.otf */ = {isa = PBXFileReference; lastKnownFileType = file; path = "Pretendard-Medium.otf"; sourceTree = "<group>"; };
		EEEA35572A28B99C003431B5 /* Pretendard-Regular.otf */ = {isa = PBXFileReference; lastKnownFileType = file; path = "Pretendard-Regular.otf"; sourceTree = "<group>"; };
		EEEA35582A28B99C003431B5 /* Pretendard-Bold.otf */ = {isa = PBXFileReference; lastKnownFileType = file; path = "Pretendard-Bold.otf"; sourceTree = "<group>"; };
		EEEA35592A28B99D003431B5 /* Pretendard-SemiBold.otf */ = {isa = PBXFileReference; lastKnownFileType = file; path = "Pretendard-SemiBold.otf"; sourceTree = "<group>"; };
		EEEFAD6D2A2D819500A2B140 /* RankingTicketCollectionViewCell.swift */ = {isa = PBXFileReference; lastKnownFileType = sourcecode.swift; path = RankingTicketCollectionViewCell.swift; sourceTree = "<group>"; };
		EEEFAD732A2DAC7F00A2B140 /* BaseViewModel.swift */ = {isa = PBXFileReference; lastKnownFileType = sourcecode.swift; path = BaseViewModel.swift; sourceTree = "<group>"; };
		EEEFAD752A2DCC9C00A2B140 /* RecommendTicketCollectionViewCell.swift */ = {isa = PBXFileReference; lastKnownFileType = sourcecode.swift; path = RecommendTicketCollectionViewCell.swift; sourceTree = "<group>"; };
		EEEFAD892A2F336900A2B140 /* Ticket.swift */ = {isa = PBXFileReference; lastKnownFileType = sourcecode.swift; path = Ticket.swift; sourceTree = "<group>"; };
		EEEFAD8B2A2F343600A2B140 /* TicketResponseModel.swift */ = {isa = PBXFileReference; lastKnownFileType = sourcecode.swift; path = TicketResponseModel.swift; sourceTree = "<group>"; };
		EEEFAD8D2A2F3CBB00A2B140 /* TicketMapping.swift */ = {isa = PBXFileReference; lastKnownFileType = sourcecode.swift; path = TicketMapping.swift; sourceTree = "<group>"; };
/* End PBXFileReference section */

/* Begin PBXFrameworksBuildPhase section */
		EE47A8A62A24C2D000FAAC06 /* Frameworks */ = {
			isa = PBXFrameworksBuildPhase;
			buildActionMask = 2147483647;
			files = (
				EEEA35242A28B72D003431B5 /* HeyTicketKit.framework in Frameworks */,
				EE7A96FB2A25D3B9003E362F /* RxSwift in Frameworks */,
				EE7A96F92A25D3B9003E362F /* RxCocoa in Frameworks */,
				EE7A96F62A25D32E003E362F /* SnapKit in Frameworks */,
			);
			runOnlyForDeploymentPostprocessing = 0;
		};
/* End PBXFrameworksBuildPhase section */

/* Begin PBXGroup section */
		EE06AED82A3DB67400DEF51C /* Modal */ = {
			isa = PBXGroup;
			children = (
				EE5CEEC92A39C2CF00E1907E /* SortingModalViewController.swift */,
			);
			path = Modal;
			sourceTree = "<group>";
		};
		EE06AED92A3DB67A00DEF51C /* Modal */ = {
			isa = PBXGroup;
			children = (
				EE5CEECD2A39C67800E1907E /* SortingModalBottomView.swift */,
			);
			path = Modal;
			sourceTree = "<group>";
		};
		EE06AEE72A3DE5BC00DEF51C /* Account */ = {
			isa = PBXGroup;
			children = (
				EE06AEEA2A3DE5EF00DEF51C /* View */,
				EE06AEE82A3DE5DB00DEF51C /* ViewController */,
				EE06AEE92A3DE5E000DEF51C /* ViewModel */,
				EE5BFFA02A49584300C242DC /* Cell */,
			);
			path = Account;
			sourceTree = "<group>";
		};
		EE06AEE82A3DE5DB00DEF51C /* ViewController */ = {
			isa = PBXGroup;
			children = (
				EED4A53A2A46BE860012B6BD /* PasswordFind */,
				EED4A5332A46B8AE0012B6BD /* Login */,
				EE38281D2A4471CA003042E6 /* SignUp */,
			);
			path = ViewController;
			sourceTree = "<group>";
		};
		EE06AEE92A3DE5E000DEF51C /* ViewModel */ = {
			isa = PBXGroup;
			children = (
				EED4A5342A46B8B90012B6BD /* Login */,
				EE38281E2A4471D7003042E6 /* SignUp */,
			);
			path = ViewModel;
			sourceTree = "<group>";
		};
		EE06AEEA2A3DE5EF00DEF51C /* View */ = {
			isa = PBXGroup;
			children = (
				EED4A5322A46B88D0012B6BD /* Login */,
				EE38281C2A4471C2003042E6 /* SignUp */,
				EED4A5352A46B8F20012B6BD /* PasswordFind */,
			);
			path = View;
			sourceTree = "<group>";
		};
		EE1C47D52A31B3FA008585D1 /* Tab */ = {
			isa = PBXGroup;
			children = (
				EE3C4D182A2C92840049F737 /* HomeRecommendBannerTableViewCell.swift */,
				EE3C4D1A2A2C92F20049F737 /* SectionTitleTableViewCell.swift */,
				EE3C4D1E2A2C93C30049F737 /* TicketListTableViewCell.swift */,
				EE3C4D212A2C93DD0049F737 /* HomeTicketCollectionViewCell.swift */,
				EEEFAD752A2DCC9C00A2B140 /* RecommendTicketCollectionViewCell.swift */,
				EEEFAD6D2A2D819500A2B140 /* RankingTicketCollectionViewCell.swift */,
			);
			path = Tab;
			sourceTree = "<group>";
		};
		EE1C47D62A31B408008585D1 /* Detail */ = {
			isa = PBXGroup;
			children = (
				EE1C47D72A31B416008585D1 /* MoreTicketTableViewCell.swift */,
				EE5CEECF2A39C69900E1907E /* SortingModalTableViewCell.swift */,
			);
			path = Detail;
			sourceTree = "<group>";
		};
		EE38281C2A4471C2003042E6 /* SignUp */ = {
			isa = PBXGroup;
			children = (
				EE3828182A447197003042E6 /* EmailCeritificationView.swift */,
				EED4A52B2A46AFB20012B6BD /* PasswordSettingView.swift */,
				EE5BFF9C2A4952F800C242DC /* InterestCategoryView.swift */,
				EE5BFFC12A4C451400C242DC /* InterestKeywordView.swift */,
			);
			path = SignUp;
			sourceTree = "<group>";
		};
		EE38281D2A4471CA003042E6 /* SignUp */ = {
			isa = PBXGroup;
			children = (
				EE3828232A447F67003042E6 /* EmailCertificationViewController.swift */,
				EED4A5302A46B47F0012B6BD /* PasswordSettingViewController.swift */,
				EE5BFF9E2A49563900C242DC /* InterestCategoryViewController.swift */,
				EE5BFFBF2A4C450500C242DC /* InterestKeywordViewController.swift */,
				EEB570822A4F12AB005CE363 /* SignUpAgreementModalViewController.swift */,
			);
			path = SignUp;
			sourceTree = "<group>";
		};
		EE38281E2A4471D7003042E6 /* SignUp */ = {
			isa = PBXGroup;
			children = (
				EE38281F2A4471E4003042E6 /* EmailCertificationViewModel.swift */,
				EE3828212A4471EE003042E6 /* PasswordRegisterViewModel.swift */,
			);
			path = SignUp;
			sourceTree = "<group>";
		};
		EE3C4CDA2A2B3D530049F737 /* DIContainer */ = {
			isa = PBXGroup;
			children = (
				EE3C4CDC2A2B3D6D0049F737 /* DIContainer.swift */,
				EE3C4CE02A2B3DB30049F737 /* TabBarDIContainer.swift */,
				EE3C4CE62A2B62450049F737 /* HomeDIContainer.swift */,
				EE3C4CEA2A2B62550049F737 /* CategoryDIContainer.swift */,
				EE3C4CE82A2B624D0049F737 /* MyPageDIContainer.swift */,
				EE3827FA2A433C03003042E6 /* LoginDIContainer.swift */,
				EED4A54E2A4806CF0012B6BD /* SignUpDIContainer.swift */,
			);
			path = DIContainer;
			sourceTree = "<group>";
		};
		EE3C4CDB2A2B3D590049F737 /* Coordinator */ = {
			isa = PBXGroup;
			children = (
				EE3C4CDE2A2B3D760049F737 /* Coordinator.swift */,
				EE3C4CE22A2B3DC20049F737 /* TabBarCoordinator.swift */,
				EE3C4CEC2A2B63EB0049F737 /* HomeCoordinator.swift */,
				EE3C4CEE2A2B64B60049F737 /* CategoryCoordinator.swift */,
				EE3C4CF02A2B65D90049F737 /* MyPageCoordinator.swift */,
				EE3827FC2A433C0B003042E6 /* LoginCoordinator.swift */,
				EED4A5502A4806DA0012B6BD /* SignUpCoordinator.swift */,
			);
			path = Coordinator;
			sourceTree = "<group>";
		};
		EE3C4CFC2A2C8C130049F737 /* View */ = {
			isa = PBXGroup;
			children = (
				EE06AED92A3DB67A00DEF51C /* Modal */,
				EE3C4D002A2C8D0A0049F737 /* HomeHeaderView.swift */,
				EE1C47DF2A31B50A008585D1 /* MoreTicketView.swift */,
			);
			path = View;
			sourceTree = "<group>";
		};
		EE3C4CFD2A2C8C190049F737 /* ViewModel */ = {
			isa = PBXGroup;
			children = (
				EE3C4D092A2C8D420049F737 /* Interface */,
				EE3C4D052A2C8D270049F737 /* HomeViewModel.swift */,
				EE1C47DB2A31B45F008585D1 /* MoreTicketViewModel.swift */,
			);
			path = ViewModel;
			sourceTree = "<group>";
		};
		EE3C4CFE2A2C8C210049F737 /* ViewController */ = {
			isa = PBXGroup;
			children = (
				EE06AED82A3DB67400DEF51C /* Modal */,
				EE9EC0532A28B4C700C77D16 /* HomeViewController.swift */,
				EE1C47D92A31B44D008585D1 /* MoreTicketViewController.swift */,
			);
			path = ViewController;
			sourceTree = "<group>";
		};
		EE3C4D042A2C8D1D0049F737 /* Cell */ = {
			isa = PBXGroup;
			children = (
				EE1C47D52A31B3FA008585D1 /* Tab */,
				EE1C47D62A31B408008585D1 /* Detail */,
			);
			path = Cell;
			sourceTree = "<group>";
		};
		EE3C4D092A2C8D420049F737 /* Interface */ = {
			isa = PBXGroup;
			children = (
				EE3C4D072A2C8D3D0049F737 /* HomeViewModelInterface.swift */,
				EE1C47DD2A31B46A008585D1 /* MoreTicketViewModelInterface.swift */,
			);
			path = Interface;
			sourceTree = "<group>";
		};
		EE3C4D102A2C91120049F737 /* Cell */ = {
			isa = PBXGroup;
			children = (
				EE3C4D112A2C911C0049F737 /* CellReuseable.swift */,
				EE6AB9132A262E8100F18596 /* BaseTableViewCell.swift */,
				EE6AB9152A262E8A00F18596 /* BaseCollectionViewCell.swift */,
			);
			path = Cell;
			sourceTree = "<group>";
		};
		EE3C4D132A2C91590049F737 /* Extension */ = {
			isa = PBXGroup;
			children = (
				EE3C4D142A2C91860049F737 /* UITableView+extension.swift */,
				EE3C4D162A2C91A50049F737 /* UICollectionView+extension.swift */,
				EE5E1B492A341AB300C9438F /* Tag+extension.swift */,
			);
			path = Extension;
			sourceTree = "<group>";
		};
		EE3C4D252A2C94210049F737 /* Category */ = {
			isa = PBXGroup;
			children = (
				EE3C4D1C2A2C93010049F737 /* CategorySelectTableViewCell.swift */,
				EE3C4D232A2C93ED0049F737 /* CategoryCollectionViewCell.swift */,
			);
			path = Category;
			sourceTree = "<group>";
		};
		EE47A8A02A24C2D000FAAC06 = {
			isa = PBXGroup;
			children = (
				EEEA351E2A28B726003431B5 /* HeyTicketKit.xcodeproj */,
				EE47A8AB2A24C2D000FAAC06 /* HeyTicket */,
				EE47A8AA2A24C2D000FAAC06 /* Products */,
				EE7A97222A25E1F0003E362F /* Frameworks */,
			);
			sourceTree = "<group>";
		};
		EE47A8AA2A24C2D000FAAC06 /* Products */ = {
			isa = PBXGroup;
			children = (
				EE47A8A92A24C2D000FAAC06 /* HeyTicket.app */,
			);
			name = Products;
			sourceTree = "<group>";
		};
		EE47A8AB2A24C2D000FAAC06 /* HeyTicket */ = {
			isa = PBXGroup;
			children = (
				EE7A97002A25D4B8003E362F /* Application */,
				EE6AB9022A262C7300F18596 /* Presentation */,
				EE6AB9082A262CBA00F18596 /* Domain */,
				EE6AB8FE2A262C5300F18596 /* Data */,
				EE7A96FE2A25D471003E362F /* Resources */,
			);
			path = HeyTicket;
			sourceTree = "<group>";
		};
		EE5BFFA02A49584300C242DC /* Cell */ = {
			isa = PBXGroup;
			children = (
				EE5BFFA12A49585300C242DC /* InterestTagCollectionViewCell.swift */,
				EEC8CF9B2A4D68D9003153E2 /* InterestKeywordCancelChipCollectionViewCell.swift */,
				EEB570842A4F153A005CE363 /* SignUpAgreementTableViewCell.swift */,
			);
			path = Cell;
			sourceTree = "<group>";
		};
		EE5BFFA62A495D0600C242DC /* Chip */ = {
			isa = PBXGroup;
			children = (
				EE5BFFA72A495D1000C242DC /* ChipCollectionViewCell.swift */,
				EEC8CF992A4D61D7003153E2 /* ChipCancelCollectionViewCell.swift */,
				EE3C4D252A2C94210049F737 /* Category */,
			);
			path = Chip;
			sourceTree = "<group>";
		};
		EE6AB8FE2A262C5300F18596 /* Data */ = {
			isa = PBXGroup;
			children = (
				EE6AB9012A262C6700F18596 /* Repository */,
				EE6AB9002A262C6300F18596 /* Service */,
				EE6AB8FF2A262C5F00F18596 /* Model */,
			);
			path = Data;
			sourceTree = "<group>";
		};
		EE6AB8FF2A262C5F00F18596 /* Model */ = {
			isa = PBXGroup;
			children = (
				EE6AB9212A262ECF00F18596 /* Model.swift */,
				EEEFAD8B2A2F343600A2B140 /* TicketResponseModel.swift */,
			);
			path = Model;
			sourceTree = "<group>";
		};
		EE6AB9002A262C6300F18596 /* Service */ = {
			isa = PBXGroup;
			children = (
				EE6AB91F2A262ECA00F18596 /* Service.swift */,
			);
			path = Service;
			sourceTree = "<group>";
		};
		EE6AB9012A262C6700F18596 /* Repository */ = {
			isa = PBXGroup;
			children = (
				EE6AB91D2A262EC400F18596 /* Repository.swift */,
			);
			path = Repository;
			sourceTree = "<group>";
		};
		EE6AB9022A262C7300F18596 /* Presentation */ = {
			isa = PBXGroup;
			children = (
				EE06AEE72A3DE5BC00DEF51C /* Account */,
				EE6AB9052A262C8800F18596 /* Utils */,
				EE9EC04A2A28B43200C77D16 /* TabBar */,
				EEEA35602A28BB2B003431B5 /* Home */,
				EEEA35612A28BB32003431B5 /* Category */,
				EEEA35622A28BB37003431B5 /* MyPage */,
			);
			path = Presentation;
			sourceTree = "<group>";
		};
		EE6AB9052A262C8800F18596 /* Utils */ = {
			isa = PBXGroup;
			children = (
				EE5BFFA62A495D0600C242DC /* Chip */,
				EEEFAD8D2A2F3CBB00A2B140 /* TicketMapping.swift */,
				EE1C47CF2A3090FA008585D1 /* HeyTicketDateFormatter.swift */,
				EE3C4D0E2A2C90760049F737 /* TableOnlyView.swift */,
				EE3828142A445038003042E6 /* Regex.swift */,
				EE6AB90E2A262E0800F18596 /* Base */,
				EE3C4D132A2C91590049F737 /* Extension */,
			);
			path = Utils;
			sourceTree = "<group>";
		};
		EE6AB9082A262CBA00F18596 /* Domain */ = {
			isa = PBXGroup;
			children = (
				EE6AB90C2A262CE300F18596 /* Entity */,
				EE6AB90D2A262CEA00F18596 /* UseCase */,
				EE6AB90B2A262CD600F18596 /* RepositoryInterface */,
			);
			path = Domain;
			sourceTree = "<group>";
		};
		EE6AB90B2A262CD600F18596 /* RepositoryInterface */ = {
			isa = PBXGroup;
			children = (
				EE6AB91B2A262EBA00F18596 /* RepositoryInterface.swift */,
			);
			path = RepositoryInterface;
			sourceTree = "<group>";
		};
		EE6AB90C2A262CE300F18596 /* Entity */ = {
			isa = PBXGroup;
			children = (
				EEEFAD892A2F336900A2B140 /* Ticket.swift */,
			);
			path = Entity;
			sourceTree = "<group>";
		};
		EE6AB90D2A262CEA00F18596 /* UseCase */ = {
			isa = PBXGroup;
			children = (
				EE6AB9192A262EB100F18596 /* UseCase.swift */,
			);
			path = UseCase;
			sourceTree = "<group>";
		};
		EE6AB90E2A262E0800F18596 /* Base */ = {
			isa = PBXGroup;
			children = (
				EE3C4D102A2C91120049F737 /* Cell */,
				EE6AB90F2A262E4F00F18596 /* BaseViewController.swift */,
				EEEFAD732A2DAC7F00A2B140 /* BaseViewModel.swift */,
			);
			path = Base;
			sourceTree = "<group>";
		};
		EE7A96FE2A25D471003E362F /* Resources */ = {
			isa = PBXGroup;
			children = (
				EEEA35452A28B98F003431B5 /* Font */,
				EE47A8B72A24C2D100FAAC06 /* LaunchScreen.storyboard */,
				EE47A8BA2A24C2D100FAAC06 /* Info.plist */,
			);
			path = Resources;
			sourceTree = "<group>";
		};
		EE7A97002A25D4B8003E362F /* Application */ = {
			isa = PBXGroup;
			children = (
				EE47A8AC2A24C2D000FAAC06 /* AppDelegate.swift */,
				EE47A8AE2A24C2D000FAAC06 /* SceneDelegate.swift */,
				EE3C4CDA2A2B3D530049F737 /* DIContainer */,
				EE3C4CDB2A2B3D590049F737 /* Coordinator */,
			);
			path = Application;
			sourceTree = "<group>";
		};
		EE7A97222A25E1F0003E362F /* Frameworks */ = {
			isa = PBXGroup;
			children = (
			);
			name = Frameworks;
			sourceTree = "<group>";
		};
		EE9EC04A2A28B43200C77D16 /* TabBar */ = {
			isa = PBXGroup;
			children = (
				EE9EC04F2A28B4B000C77D16 /* TabBarItem.swift */,
				EE9EC0592A28B50100C77D16 /* TabBarViewController.swift */,
			);
			path = TabBar;
			sourceTree = "<group>";
		};
		EED4A5322A46B88D0012B6BD /* Login */ = {
			isa = PBXGroup;
			children = (
				EE06AEEF2A3DE60400DEF51C /* LoginView.swift */,
				EE3827F42A4329D8003042E6 /* PasswordLoginView.swift */,
			);
			path = Login;
			sourceTree = "<group>";
		};
		EED4A5332A46B8AE0012B6BD /* Login */ = {
			isa = PBXGroup;
			children = (
				EE06AEEB2A3DE5F700DEF51C /* LoginViewController.swift */,
				EE3827F62A4329E7003042E6 /* PasswordLoginViewController.swift */,
			);
			path = Login;
			sourceTree = "<group>";
		};
		EED4A5342A46B8B90012B6BD /* Login */ = {
			isa = PBXGroup;
			children = (
				EE06AEED2A3DE5FE00DEF51C /* LoginViewModel.swift */,
				EE3827F82A4329F1003042E6 /* PasswordLoginViewModel.swift */,
			);
			path = Login;
			sourceTree = "<group>";
		};
		EED4A5352A46B8F20012B6BD /* PasswordFind */ = {
			isa = PBXGroup;
			children = (
				EED4A5362A46B9010012B6BD /* PasswordFindView.swift */,
				EED4A5382A46B91B0012B6BD /* NewPasswordRegisterView.swift */,
			);
			path = PasswordFind;
			sourceTree = "<group>";
		};
		EED4A53A2A46BE860012B6BD /* PasswordFind */ = {
			isa = PBXGroup;
			children = (
				EED4A53B2A46BE920012B6BD /* PasswordFindViewController.swift */,
				EED4A53D2A46C4010012B6BD /* NewPasswordRegisterViewController.swift */,
			);
			path = PasswordFind;
			sourceTree = "<group>";
		};
		EEEA351F2A28B726003431B5 /* Products */ = {
			isa = PBXGroup;
			children = (
				EEEA35232A28B726003431B5 /* HeyTicketKit.framework */,
			);
			name = Products;
			sourceTree = "<group>";
		};
		EEEA35452A28B98F003431B5 /* Font */ = {
			isa = PBXGroup;
			children = (
				EE3C4D0A2A2C8DD10049F737 /* Pretendard-Black.otf */,
				EEEA35582A28B99C003431B5 /* Pretendard-Bold.otf */,
				EEEA35562A28B99C003431B5 /* Pretendard-Medium.otf */,
				EEEA35572A28B99C003431B5 /* Pretendard-Regular.otf */,
				EEEA35592A28B99D003431B5 /* Pretendard-SemiBold.otf */,
			);
			name = Font;
			path = ../../../HeyTicketKit_iOS/HeyTicketKit/Resource/Font;
			sourceTree = "<group>";
		};
		EEEA35602A28BB2B003431B5 /* Home */ = {
			isa = PBXGroup;
			children = (
				EE3C4CFE2A2C8C210049F737 /* ViewController */,
				EE3C4CFD2A2C8C190049F737 /* ViewModel */,
				EE3C4CFC2A2C8C130049F737 /* View */,
				EE3C4D042A2C8D1D0049F737 /* Cell */,
			);
			path = Home;
			sourceTree = "<group>";
		};
		EEEA35612A28BB32003431B5 /* Category */ = {
			isa = PBXGroup;
			children = (
				EE9EC0552A28B4C700C77D16 /* CategoryViewController.swift */,
			);
			path = Category;
			sourceTree = "<group>";
		};
		EEEA35622A28BB37003431B5 /* MyPage */ = {
			isa = PBXGroup;
			children = (
				EE9EC0542A28B4C700C77D16 /* MyPageViewController.swift */,
			);
			name = MyPage;
			sourceTree = "<group>";
		};
/* End PBXGroup section */

/* Begin PBXNativeTarget section */
		EE47A8A82A24C2D000FAAC06 /* HeyTicket */ = {
			isa = PBXNativeTarget;
			buildConfigurationList = EE47A8BD2A24C2D100FAAC06 /* Build configuration list for PBXNativeTarget "HeyTicket" */;
			buildPhases = (
				EE47A8A52A24C2D000FAAC06 /* Sources */,
				EE47A8A62A24C2D000FAAC06 /* Frameworks */,
				EE47A8A72A24C2D000FAAC06 /* Resources */,
				EE950C242A27229E005EC418 /* Embed Frameworks */,
			);
			buildRules = (
			);
			dependencies = (
			);
			name = HeyTicket;
			packageProductDependencies = (
				EE7A96F52A25D32E003E362F /* SnapKit */,
				EE7A96F82A25D3B9003E362F /* RxCocoa */,
				EE7A96FA2A25D3B9003E362F /* RxSwift */,
			);
			productName = HeyTicket;
			productReference = EE47A8A92A24C2D000FAAC06 /* HeyTicket.app */;
			productType = "com.apple.product-type.application";
		};
/* End PBXNativeTarget section */

/* Begin PBXProject section */
		EE47A8A12A24C2D000FAAC06 /* Project object */ = {
			isa = PBXProject;
			attributes = {
				BuildIndependentTargetsInParallel = 1;
				LastSwiftUpdateCheck = 1410;
				LastUpgradeCheck = 1410;
				TargetAttributes = {
					EE47A8A82A24C2D000FAAC06 = {
						CreatedOnToolsVersion = 14.1;
					};
				};
			};
			buildConfigurationList = EE47A8A42A24C2D000FAAC06 /* Build configuration list for PBXProject "HeyTicket" */;
			compatibilityVersion = "Xcode 14.0";
			developmentRegion = en;
			hasScannedForEncodings = 0;
			knownRegions = (
				en,
				Base,
			);
			mainGroup = EE47A8A02A24C2D000FAAC06;
			packageReferences = (
				EE7A96F42A25D32E003E362F /* XCRemoteSwiftPackageReference "SnapKit" */,
				EE7A96F72A25D3B9003E362F /* XCRemoteSwiftPackageReference "RxSwift" */,
			);
			productRefGroup = EE47A8AA2A24C2D000FAAC06 /* Products */;
			projectDirPath = "";
			projectReferences = (
				{
					ProductGroup = EEEA351F2A28B726003431B5 /* Products */;
					ProjectRef = EEEA351E2A28B726003431B5 /* HeyTicketKit.xcodeproj */;
				},
			);
			projectRoot = "";
			targets = (
				EE47A8A82A24C2D000FAAC06 /* HeyTicket */,
			);
		};
/* End PBXProject section */

/* Begin PBXReferenceProxy section */
		EEEA35232A28B726003431B5 /* HeyTicketKit.framework */ = {
			isa = PBXReferenceProxy;
			fileType = wrapper.framework;
			path = HeyTicketKit.framework;
			remoteRef = EEEA35222A28B726003431B5 /* PBXContainerItemProxy */;
			sourceTree = BUILT_PRODUCTS_DIR;
		};
/* End PBXReferenceProxy section */

/* Begin PBXResourcesBuildPhase section */
		EE47A8A72A24C2D000FAAC06 /* Resources */ = {
			isa = PBXResourcesBuildPhase;
			buildActionMask = 2147483647;
			files = (
				EE47A8B92A24C2D100FAAC06 /* LaunchScreen.storyboard in Resources */,
				EEEA355C2A28B99D003431B5 /* Pretendard-Bold.otf in Resources */,
				EEEA355B2A28B99D003431B5 /* Pretendard-Regular.otf in Resources */,
				EEEA355D2A28B99D003431B5 /* Pretendard-SemiBold.otf in Resources */,
				EE3C4D0B2A2C8DD10049F737 /* Pretendard-Black.otf in Resources */,
				EEEA355A2A28B99D003431B5 /* Pretendard-Medium.otf in Resources */,
			);
			runOnlyForDeploymentPostprocessing = 0;
		};
/* End PBXResourcesBuildPhase section */

/* Begin PBXSourcesBuildPhase section */
		EE47A8A52A24C2D000FAAC06 /* Sources */ = {
			isa = PBXSourcesBuildPhase;
			buildActionMask = 2147483647;
			files = (
				EEEFAD762A2DCC9C00A2B140 /* RecommendTicketCollectionViewCell.swift in Sources */,
				EE3C4D222A2C93DD0049F737 /* HomeTicketCollectionViewCell.swift in Sources */,
				EE9EC0572A28B4C700C77D16 /* MyPageViewController.swift in Sources */,
				EE3827F92A4329F1003042E6 /* PasswordLoginViewModel.swift in Sources */,
				EE47A8AD2A24C2D000FAAC06 /* AppDelegate.swift in Sources */,
				EE1C47DE2A31B46A008585D1 /* MoreTicketViewModelInterface.swift in Sources */,
				EE3828202A4471E4003042E6 /* EmailCertificationViewModel.swift in Sources */,
				EE3C4D082A2C8D3D0049F737 /* HomeViewModelInterface.swift in Sources */,
				EE3828242A447F67003042E6 /* EmailCertificationViewController.swift in Sources */,
				EE5BFFC22A4C451400C242DC /* InterestKeywordView.swift in Sources */,
				EE6AB91C2A262EBA00F18596 /* RepositoryInterface.swift in Sources */,
				EE3C4CF12A2B65D90049F737 /* MyPageCoordinator.swift in Sources */,
				EEEFAD8E2A2F3CBB00A2B140 /* TicketMapping.swift in Sources */,
				EE9EC05A2A28B50100C77D16 /* TabBarViewController.swift in Sources */,
				EE1C47DC2A31B45F008585D1 /* MoreTicketViewModel.swift in Sources */,
				EED4A5372A46B9010012B6BD /* PasswordFindView.swift in Sources */,
				EE6AB91A2A262EB100F18596 /* UseCase.swift in Sources */,
				EE5CEED02A39C69900E1907E /* SortingModalTableViewCell.swift in Sources */,
				EE3C4CE12A2B3DB30049F737 /* TabBarDIContainer.swift in Sources */,
				EE3C4D1F2A2C93C30049F737 /* TicketListTableViewCell.swift in Sources */,
				EE3C4CED2A2B63EB0049F737 /* HomeCoordinator.swift in Sources */,
				EE3C4CDF2A2B3D760049F737 /* Coordinator.swift in Sources */,
				EE9EC0562A28B4C700C77D16 /* HomeViewController.swift in Sources */,
				EE9EC0512A28B4B000C77D16 /* TabBarItem.swift in Sources */,
				EE3C4D062A2C8D270049F737 /* HomeViewModel.swift in Sources */,
				EE06AEEE2A3DE5FE00DEF51C /* LoginViewModel.swift in Sources */,
				EE5BFFA22A49585300C242DC /* InterestTagCollectionViewCell.swift in Sources */,
				EE3827F72A4329E7003042E6 /* PasswordLoginViewController.swift in Sources */,
				EED4A5512A4806DA0012B6BD /* SignUpCoordinator.swift in Sources */,
				EE5CEECE2A39C67800E1907E /* SortingModalBottomView.swift in Sources */,
				EE3C4D242A2C93ED0049F737 /* CategoryCollectionViewCell.swift in Sources */,
				EED4A5392A46B91B0012B6BD /* NewPasswordRegisterView.swift in Sources */,
				EE9EC0582A28B4C700C77D16 /* CategoryViewController.swift in Sources */,
				EE5BFFC02A4C450500C242DC /* InterestKeywordViewController.swift in Sources */,
				EE6AB9222A262ECF00F18596 /* Model.swift in Sources */,
				EE5BFFA82A495D1000C242DC /* ChipCollectionViewCell.swift in Sources */,
				EE47A8AF2A24C2D000FAAC06 /* SceneDelegate.swift in Sources */,
				EE3C4D152A2C91860049F737 /* UITableView+extension.swift in Sources */,
				EE3C4D172A2C91A50049F737 /* UICollectionView+extension.swift in Sources */,
				EE3C4D192A2C92840049F737 /* HomeRecommendBannerTableViewCell.swift in Sources */,
				EE3C4D0F2A2C90760049F737 /* TableOnlyView.swift in Sources */,
				EEB570852A4F153A005CE363 /* SignUpAgreementTableViewCell.swift in Sources */,
				EE6AB9102A262E4F00F18596 /* BaseViewController.swift in Sources */,
				EEC8CF9A2A4D61D7003153E2 /* ChipCancelCollectionViewCell.swift in Sources */,
				EE1C47E02A31B50A008585D1 /* MoreTicketView.swift in Sources */,
				EE1C47D82A31B416008585D1 /* MoreTicketTableViewCell.swift in Sources */,
				EE5BFF9D2A4952F800C242DC /* InterestCategoryView.swift in Sources */,
				EE3C4CE92A2B624D0049F737 /* MyPageDIContainer.swift in Sources */,
				EE3828192A447197003042E6 /* EmailCeritificationView.swift in Sources */,
				EE5BFF9F2A49563900C242DC /* InterestCategoryViewController.swift in Sources */,
				EE6AB9142A262E8100F18596 /* BaseTableViewCell.swift in Sources */,
				EED4A54F2A4806CF0012B6BD /* SignUpDIContainer.swift in Sources */,
				EE3C4D1B2A2C92F20049F737 /* SectionTitleTableViewCell.swift in Sources */,
				EE6AB91E2A262EC400F18596 /* Repository.swift in Sources */,
				EEEFAD6E2A2D819500A2B140 /* RankingTicketCollectionViewCell.swift in Sources */,
				EED4A5312A46B47F0012B6BD /* PasswordSettingViewController.swift in Sources */,
				EED4A53E2A46C4010012B6BD /* NewPasswordRegisterViewController.swift in Sources */,
				EE5E1B4A2A341AB300C9438F /* Tag+extension.swift in Sources */,
				EE3C4CEB2A2B62550049F737 /* CategoryDIContainer.swift in Sources */,
				EED4A52C2A46AFB20012B6BD /* PasswordSettingView.swift in Sources */,
				EE5CEECA2A39C2CF00E1907E /* SortingModalViewController.swift in Sources */,
				EE3C4CE32A2B3DC20049F737 /* TabBarCoordinator.swift in Sources */,
				EE1C47D02A3090FA008585D1 /* HeyTicketDateFormatter.swift in Sources */,
				EE6AB9202A262ECA00F18596 /* Service.swift in Sources */,
				EE3827FD2A433C0B003042E6 /* LoginCoordinator.swift in Sources */,
				EE06AEEC2A3DE5F700DEF51C /* LoginViewController.swift in Sources */,
				EEC8CF9C2A4D68D9003153E2 /* InterestKeywordCancelChipCollectionViewCell.swift in Sources */,
				EE3C4CE72A2B62450049F737 /* HomeDIContainer.swift in Sources */,
				EE3827FB2A433C03003042E6 /* LoginDIContainer.swift in Sources */,
				EE3C4D012A2C8D0A0049F737 /* HomeHeaderView.swift in Sources */,
				EE3827F52A4329D8003042E6 /* PasswordLoginView.swift in Sources */,
				EE3C4D1D2A2C93010049F737 /* CategorySelectTableViewCell.swift in Sources */,
				EED4A53C2A46BE920012B6BD /* PasswordFindViewController.swift in Sources */,
				EE3C4CDD2A2B3D6D0049F737 /* DIContainer.swift in Sources */,
				EE3828222A4471EE003042E6 /* PasswordRegisterViewModel.swift in Sources */,
				EE3C4D122A2C911C0049F737 /* CellReuseable.swift in Sources */,
				EE1C47DA2A31B44D008585D1 /* MoreTicketViewController.swift in Sources */,
				EEEFAD8C2A2F343600A2B140 /* TicketResponseModel.swift in Sources */,
				EEB570832A4F12AB005CE363 /* SignUpAgreementModalViewController.swift in Sources */,
				EEEFAD742A2DAC7F00A2B140 /* BaseViewModel.swift in Sources */,
				EEEFAD8A2A2F336900A2B140 /* Ticket.swift in Sources */,
				EE3828152A445038003042E6 /* Regex.swift in Sources */,
				EE06AEF02A3DE60400DEF51C /* LoginView.swift in Sources */,
				EE3C4CEF2A2B64B60049F737 /* CategoryCoordinator.swift in Sources */,
				EE6AB9162A262E8A00F18596 /* BaseCollectionViewCell.swift in Sources */,
			);
			runOnlyForDeploymentPostprocessing = 0;
		};
/* End PBXSourcesBuildPhase section */

/* Begin PBXVariantGroup section */
		EE47A8B72A24C2D100FAAC06 /* LaunchScreen.storyboard */ = {
			isa = PBXVariantGroup;
			children = (
				EE47A8B82A24C2D100FAAC06 /* Base */,
			);
			name = LaunchScreen.storyboard;
			sourceTree = "<group>";
		};
/* End PBXVariantGroup section */

/* Begin XCBuildConfiguration section */
		EE47A8BB2A24C2D100FAAC06 /* Debug */ = {
			isa = XCBuildConfiguration;
			buildSettings = {
				ALWAYS_SEARCH_USER_PATHS = NO;
				CLANG_ANALYZER_NONNULL = YES;
				CLANG_ANALYZER_NUMBER_OBJECT_CONVERSION = YES_AGGRESSIVE;
				CLANG_CXX_LANGUAGE_STANDARD = "gnu++20";
				CLANG_ENABLE_MODULES = YES;
				CLANG_ENABLE_OBJC_ARC = YES;
				CLANG_ENABLE_OBJC_WEAK = YES;
				CLANG_WARN_BLOCK_CAPTURE_AUTORELEASING = YES;
				CLANG_WARN_BOOL_CONVERSION = YES;
				CLANG_WARN_COMMA = YES;
				CLANG_WARN_CONSTANT_CONVERSION = YES;
				CLANG_WARN_DEPRECATED_OBJC_IMPLEMENTATIONS = YES;
				CLANG_WARN_DIRECT_OBJC_ISA_USAGE = YES_ERROR;
				CLANG_WARN_DOCUMENTATION_COMMENTS = YES;
				CLANG_WARN_EMPTY_BODY = YES;
				CLANG_WARN_ENUM_CONVERSION = YES;
				CLANG_WARN_INFINITE_RECURSION = YES;
				CLANG_WARN_INT_CONVERSION = YES;
				CLANG_WARN_NON_LITERAL_NULL_CONVERSION = YES;
				CLANG_WARN_OBJC_IMPLICIT_RETAIN_SELF = YES;
				CLANG_WARN_OBJC_LITERAL_CONVERSION = YES;
				CLANG_WARN_OBJC_ROOT_CLASS = YES_ERROR;
				CLANG_WARN_QUOTED_INCLUDE_IN_FRAMEWORK_HEADER = YES;
				CLANG_WARN_RANGE_LOOP_ANALYSIS = YES;
				CLANG_WARN_STRICT_PROTOTYPES = YES;
				CLANG_WARN_SUSPICIOUS_MOVE = YES;
				CLANG_WARN_UNGUARDED_AVAILABILITY = YES_AGGRESSIVE;
				CLANG_WARN_UNREACHABLE_CODE = YES;
				CLANG_WARN__DUPLICATE_METHOD_MATCH = YES;
				COPY_PHASE_STRIP = NO;
				DEBUG_INFORMATION_FORMAT = dwarf;
				ENABLE_STRICT_OBJC_MSGSEND = YES;
				ENABLE_TESTABILITY = YES;
				GCC_C_LANGUAGE_STANDARD = gnu11;
				GCC_DYNAMIC_NO_PIC = NO;
				GCC_NO_COMMON_BLOCKS = YES;
				GCC_OPTIMIZATION_LEVEL = 0;
				GCC_PREPROCESSOR_DEFINITIONS = (
					"DEBUG=1",
					"$(inherited)",
				);
				GCC_WARN_64_TO_32_BIT_CONVERSION = YES;
				GCC_WARN_ABOUT_RETURN_TYPE = YES_ERROR;
				GCC_WARN_UNDECLARED_SELECTOR = YES;
				GCC_WARN_UNINITIALIZED_AUTOS = YES_AGGRESSIVE;
				GCC_WARN_UNUSED_FUNCTION = YES;
				GCC_WARN_UNUSED_VARIABLE = YES;
				IPHONEOS_DEPLOYMENT_TARGET = 16.0;
				MTL_ENABLE_DEBUG_INFO = INCLUDE_SOURCE;
				MTL_FAST_MATH = YES;
				ONLY_ACTIVE_ARCH = YES;
				SDKROOT = iphoneos;
				SWIFT_ACTIVE_COMPILATION_CONDITIONS = DEBUG;
				SWIFT_OPTIMIZATION_LEVEL = "-Onone";
			};
			name = Debug;
		};
		EE47A8BC2A24C2D100FAAC06 /* Release */ = {
			isa = XCBuildConfiguration;
			buildSettings = {
				ALWAYS_SEARCH_USER_PATHS = NO;
				CLANG_ANALYZER_NONNULL = YES;
				CLANG_ANALYZER_NUMBER_OBJECT_CONVERSION = YES_AGGRESSIVE;
				CLANG_CXX_LANGUAGE_STANDARD = "gnu++20";
				CLANG_ENABLE_MODULES = YES;
				CLANG_ENABLE_OBJC_ARC = YES;
				CLANG_ENABLE_OBJC_WEAK = YES;
				CLANG_WARN_BLOCK_CAPTURE_AUTORELEASING = YES;
				CLANG_WARN_BOOL_CONVERSION = YES;
				CLANG_WARN_COMMA = YES;
				CLANG_WARN_CONSTANT_CONVERSION = YES;
				CLANG_WARN_DEPRECATED_OBJC_IMPLEMENTATIONS = YES;
				CLANG_WARN_DIRECT_OBJC_ISA_USAGE = YES_ERROR;
				CLANG_WARN_DOCUMENTATION_COMMENTS = YES;
				CLANG_WARN_EMPTY_BODY = YES;
				CLANG_WARN_ENUM_CONVERSION = YES;
				CLANG_WARN_INFINITE_RECURSION = YES;
				CLANG_WARN_INT_CONVERSION = YES;
				CLANG_WARN_NON_LITERAL_NULL_CONVERSION = YES;
				CLANG_WARN_OBJC_IMPLICIT_RETAIN_SELF = YES;
				CLANG_WARN_OBJC_LITERAL_CONVERSION = YES;
				CLANG_WARN_OBJC_ROOT_CLASS = YES_ERROR;
				CLANG_WARN_QUOTED_INCLUDE_IN_FRAMEWORK_HEADER = YES;
				CLANG_WARN_RANGE_LOOP_ANALYSIS = YES;
				CLANG_WARN_STRICT_PROTOTYPES = YES;
				CLANG_WARN_SUSPICIOUS_MOVE = YES;
				CLANG_WARN_UNGUARDED_AVAILABILITY = YES_AGGRESSIVE;
				CLANG_WARN_UNREACHABLE_CODE = YES;
				CLANG_WARN__DUPLICATE_METHOD_MATCH = YES;
				COPY_PHASE_STRIP = NO;
				DEBUG_INFORMATION_FORMAT = "dwarf-with-dsym";
				ENABLE_NS_ASSERTIONS = NO;
				ENABLE_STRICT_OBJC_MSGSEND = YES;
				GCC_C_LANGUAGE_STANDARD = gnu11;
				GCC_NO_COMMON_BLOCKS = YES;
				GCC_WARN_64_TO_32_BIT_CONVERSION = YES;
				GCC_WARN_ABOUT_RETURN_TYPE = YES_ERROR;
				GCC_WARN_UNDECLARED_SELECTOR = YES;
				GCC_WARN_UNINITIALIZED_AUTOS = YES_AGGRESSIVE;
				GCC_WARN_UNUSED_FUNCTION = YES;
				GCC_WARN_UNUSED_VARIABLE = YES;
				IPHONEOS_DEPLOYMENT_TARGET = 16.0;
				MTL_ENABLE_DEBUG_INFO = NO;
				MTL_FAST_MATH = YES;
				SDKROOT = iphoneos;
				SWIFT_COMPILATION_MODE = wholemodule;
				SWIFT_OPTIMIZATION_LEVEL = "-O";
				VALIDATE_PRODUCT = YES;
			};
			name = Release;
		};
		EE47A8BE2A24C2D100FAAC06 /* Debug */ = {
			isa = XCBuildConfiguration;
			buildSettings = {
				ASSETCATALOG_COMPILER_APPICON_NAME = AppIcon;
				ASSETCATALOG_COMPILER_GLOBAL_ACCENT_COLOR_NAME = AccentColor;
				CODE_SIGN_STYLE = Automatic;
				CURRENT_PROJECT_VERSION = 1;
				DEVELOPMENT_TEAM = DS2AD6Q7T4;
				GENERATE_INFOPLIST_FILE = YES;
				INFOPLIST_FILE = HeyTicket/Resources/Info.plist;
				INFOPLIST_KEY_UIApplicationSupportsIndirectInputEvents = YES;
				INFOPLIST_KEY_UILaunchStoryboardName = LaunchScreen;
				INFOPLIST_KEY_UISupportedInterfaceOrientations_iPad = "UIInterfaceOrientationPortrait UIInterfaceOrientationPortraitUpsideDown UIInterfaceOrientationLandscapeLeft UIInterfaceOrientationLandscapeRight";
				INFOPLIST_KEY_UISupportedInterfaceOrientations_iPhone = "UIInterfaceOrientationPortrait UIInterfaceOrientationLandscapeLeft UIInterfaceOrientationLandscapeRight";
				LD_RUNPATH_SEARCH_PATHS = (
					"$(inherited)",
					"@executable_path/Frameworks",
				);
				MARKETING_VERSION = 1.0;
				PRODUCT_BUNDLE_IDENTIFIER = ssooya.HeyTicket;
				PRODUCT_NAME = "$(TARGET_NAME)";
				SWIFT_EMIT_LOC_STRINGS = YES;
				SWIFT_VERSION = 5.0;
				TARGETED_DEVICE_FAMILY = "1,2";
			};
			name = Debug;
		};
		EE47A8BF2A24C2D100FAAC06 /* Release */ = {
			isa = XCBuildConfiguration;
			buildSettings = {
				ASSETCATALOG_COMPILER_APPICON_NAME = AppIcon;
				ASSETCATALOG_COMPILER_GLOBAL_ACCENT_COLOR_NAME = AccentColor;
				CODE_SIGN_STYLE = Automatic;
				CURRENT_PROJECT_VERSION = 1;
				DEVELOPMENT_TEAM = DS2AD6Q7T4;
				GENERATE_INFOPLIST_FILE = YES;
				INFOPLIST_FILE = HeyTicket/Resources/Info.plist;
				INFOPLIST_KEY_UIApplicationSupportsIndirectInputEvents = YES;
				INFOPLIST_KEY_UILaunchStoryboardName = LaunchScreen;
				INFOPLIST_KEY_UISupportedInterfaceOrientations_iPad = "UIInterfaceOrientationPortrait UIInterfaceOrientationPortraitUpsideDown UIInterfaceOrientationLandscapeLeft UIInterfaceOrientationLandscapeRight";
				INFOPLIST_KEY_UISupportedInterfaceOrientations_iPhone = "UIInterfaceOrientationPortrait UIInterfaceOrientationLandscapeLeft UIInterfaceOrientationLandscapeRight";
				LD_RUNPATH_SEARCH_PATHS = (
					"$(inherited)",
					"@executable_path/Frameworks",
				);
				MARKETING_VERSION = 1.0;
				PRODUCT_BUNDLE_IDENTIFIER = ssooya.HeyTicket;
				PRODUCT_NAME = "$(TARGET_NAME)";
				SWIFT_EMIT_LOC_STRINGS = YES;
				SWIFT_VERSION = 5.0;
				TARGETED_DEVICE_FAMILY = "1,2";
			};
			name = Release;
		};
/* End XCBuildConfiguration section */

/* Begin XCConfigurationList section */
		EE47A8A42A24C2D000FAAC06 /* Build configuration list for PBXProject "HeyTicket" */ = {
			isa = XCConfigurationList;
			buildConfigurations = (
				EE47A8BB2A24C2D100FAAC06 /* Debug */,
				EE47A8BC2A24C2D100FAAC06 /* Release */,
			);
			defaultConfigurationIsVisible = 0;
			defaultConfigurationName = Debug;
		};
		EE47A8BD2A24C2D100FAAC06 /* Build configuration list for PBXNativeTarget "HeyTicket" */ = {
			isa = XCConfigurationList;
			buildConfigurations = (
				EE47A8BE2A24C2D100FAAC06 /* Debug */,
				EE47A8BF2A24C2D100FAAC06 /* Release */,
			);
			defaultConfigurationIsVisible = 0;
			defaultConfigurationName = Debug;
		};
/* End XCConfigurationList section */

/* Begin XCRemoteSwiftPackageReference section */
		EE7A96F42A25D32E003E362F /* XCRemoteSwiftPackageReference "SnapKit" */ = {
			isa = XCRemoteSwiftPackageReference;
			repositoryURL = "https://github.com/SnapKit/SnapKit.git";
			requirement = {
				kind = upToNextMajorVersion;
				minimumVersion = 5.0.0;
			};
		};
		EE7A96F72A25D3B9003E362F /* XCRemoteSwiftPackageReference "RxSwift" */ = {
			isa = XCRemoteSwiftPackageReference;
			repositoryURL = "https://github.com/ReactiveX/RxSwift.git";
			requirement = {
				kind = upToNextMajorVersion;
				minimumVersion = 6.0.0;
			};
		};
/* End XCRemoteSwiftPackageReference section */

/* Begin XCSwiftPackageProductDependency section */
		EE7A96F52A25D32E003E362F /* SnapKit */ = {
			isa = XCSwiftPackageProductDependency;
			package = EE7A96F42A25D32E003E362F /* XCRemoteSwiftPackageReference "SnapKit" */;
			productName = SnapKit;
		};
		EE7A96F82A25D3B9003E362F /* RxCocoa */ = {
			isa = XCSwiftPackageProductDependency;
			package = EE7A96F72A25D3B9003E362F /* XCRemoteSwiftPackageReference "RxSwift" */;
			productName = RxCocoa;
		};
		EE7A96FA2A25D3B9003E362F /* RxSwift */ = {
			isa = XCSwiftPackageProductDependency;
			package = EE7A96F72A25D3B9003E362F /* XCRemoteSwiftPackageReference "RxSwift" */;
			productName = RxSwift;
		};
/* End XCSwiftPackageProductDependency section */
	};
	rootObject = EE47A8A12A24C2D000FAAC06 /* Project object */;
}
