// !$*UTF8*$!
{
	archiveVersion = 1;
	classes = {
	};
	objectVersion = 56;
	objects = {

/* Begin PBXBuildFile section */
		EE3C4CDD2A2B3D6D0049F737 /* DIContainer.swift in Sources */ = {isa = PBXBuildFile; fileRef = EE3C4CDC2A2B3D6D0049F737 /* DIContainer.swift */; };
		EE3C4CDF2A2B3D760049F737 /* Coordinator.swift in Sources */ = {isa = PBXBuildFile; fileRef = EE3C4CDE2A2B3D760049F737 /* Coordinator.swift */; };
		EE3C4CE12A2B3DB30049F737 /* TabBarDIContainer.swift in Sources */ = {isa = PBXBuildFile; fileRef = EE3C4CE02A2B3DB30049F737 /* TabBarDIContainer.swift */; };
		EE3C4CE32A2B3DC20049F737 /* TabBarCoordinator.swift in Sources */ = {isa = PBXBuildFile; fileRef = EE3C4CE22A2B3DC20049F737 /* TabBarCoordinator.swift */; };
		EE3C4CE72A2B62450049F737 /* HomeDIContainer.swift in Sources */ = {isa = PBXBuildFile; fileRef = EE3C4CE62A2B62450049F737 /* HomeDIContainer.swift */; };
		EE3C4CE92A2B624D0049F737 /* MyPageDIContainer.swift in Sources */ = {isa = PBXBuildFile; fileRef = EE3C4CE82A2B624D0049F737 /* MyPageDIContainer.swift */; };
		EE3C4CEB2A2B62550049F737 /* CategoryDIContainer.swift in Sources */ = {isa = PBXBuildFile; fileRef = EE3C4CEA2A2B62550049F737 /* CategoryDIContainer.swift */; };
		EE3C4CED2A2B63EB0049F737 /* HomeCoordinator.swift in Sources */ = {isa = PBXBuildFile; fileRef = EE3C4CEC2A2B63EB0049F737 /* HomeCoordinator.swift */; };
		EE3C4CEF2A2B64B60049F737 /* CategoryCoordinator.swift in Sources */ = {isa = PBXBuildFile; fileRef = EE3C4CEE2A2B64B60049F737 /* CategoryCoordinator.swift */; };
		EE3C4CF12A2B65D90049F737 /* MyPageCoordinator.swift in Sources */ = {isa = PBXBuildFile; fileRef = EE3C4CF02A2B65D90049F737 /* MyPageCoordinator.swift */; };
		EE3C4D012A2C8D0A0049F737 /* HomeHeaderView.swift in Sources */ = {isa = PBXBuildFile; fileRef = EE3C4D002A2C8D0A0049F737 /* HomeHeaderView.swift */; };
		EE3C4D062A2C8D270049F737 /* HomeViewModel.swift in Sources */ = {isa = PBXBuildFile; fileRef = EE3C4D052A2C8D270049F737 /* HomeViewModel.swift */; };
		EE3C4D082A2C8D3D0049F737 /* HomeViewModelInterface.swift in Sources */ = {isa = PBXBuildFile; fileRef = EE3C4D072A2C8D3D0049F737 /* HomeViewModelInterface.swift */; };
		EE3C4D0B2A2C8DD10049F737 /* Pretendard-Black.otf in Resources */ = {isa = PBXBuildFile; fileRef = EE3C4D0A2A2C8DD10049F737 /* Pretendard-Black.otf */; };
		EE3C4D0F2A2C90760049F737 /* TableOnlyView.swift in Sources */ = {isa = PBXBuildFile; fileRef = EE3C4D0E2A2C90760049F737 /* TableOnlyView.swift */; };
		EE3C4D122A2C911C0049F737 /* CellReuseable.swift in Sources */ = {isa = PBXBuildFile; fileRef = EE3C4D112A2C911C0049F737 /* CellReuseable.swift */; };
		EE3C4D152A2C91860049F737 /* UITableView+extension.swift in Sources */ = {isa = PBXBuildFile; fileRef = EE3C4D142A2C91860049F737 /* UITableView+extension.swift */; };
		EE3C4D172A2C91A50049F737 /* UICollectionView+extension.swift in Sources */ = {isa = PBXBuildFile; fileRef = EE3C4D162A2C91A50049F737 /* UICollectionView+extension.swift */; };
		EE3C4D192A2C92840049F737 /* HomeRecommendBannerTableViewCell.swift in Sources */ = {isa = PBXBuildFile; fileRef = EE3C4D182A2C92840049F737 /* HomeRecommendBannerTableViewCell.swift */; };
		EE3C4D1B2A2C92F20049F737 /* SectionTitleTableViewCell.swift in Sources */ = {isa = PBXBuildFile; fileRef = EE3C4D1A2A2C92F20049F737 /* SectionTitleTableViewCell.swift */; };
		EE3C4D1D2A2C93010049F737 /* CategorySelectTableViewCell.swift in Sources */ = {isa = PBXBuildFile; fileRef = EE3C4D1C2A2C93010049F737 /* CategorySelectTableViewCell.swift */; };
		EE3C4D1F2A2C93C30049F737 /* TicketListTableViewCell.swift in Sources */ = {isa = PBXBuildFile; fileRef = EE3C4D1E2A2C93C30049F737 /* TicketListTableViewCell.swift */; };
		EE3C4D222A2C93DD0049F737 /* HomeTicketCollectionViewCell.swift in Sources */ = {isa = PBXBuildFile; fileRef = EE3C4D212A2C93DD0049F737 /* HomeTicketCollectionViewCell.swift */; };
		EE3C4D242A2C93ED0049F737 /* CategoryCollectionViewCell.swift in Sources */ = {isa = PBXBuildFile; fileRef = EE3C4D232A2C93ED0049F737 /* CategoryCollectionViewCell.swift */; };
		EE3C4D272A2C97A90049F737 /* UIView+extension.swift in Sources */ = {isa = PBXBuildFile; fileRef = EE3C4D262A2C97A90049F737 /* UIView+extension.swift */; };
		EE3C4D292A2CA1200049F737 /* UIStackView+extension.swift in Sources */ = {isa = PBXBuildFile; fileRef = EE3C4D282A2CA11F0049F737 /* UIStackView+extension.swift */; };
		EE47A8AD2A24C2D000FAAC06 /* AppDelegate.swift in Sources */ = {isa = PBXBuildFile; fileRef = EE47A8AC2A24C2D000FAAC06 /* AppDelegate.swift */; };
		EE47A8AF2A24C2D000FAAC06 /* SceneDelegate.swift in Sources */ = {isa = PBXBuildFile; fileRef = EE47A8AE2A24C2D000FAAC06 /* SceneDelegate.swift */; };
		EE47A8B92A24C2D100FAAC06 /* LaunchScreen.storyboard in Resources */ = {isa = PBXBuildFile; fileRef = EE47A8B72A24C2D100FAAC06 /* LaunchScreen.storyboard */; };
		EE6AB9102A262E4F00F18596 /* BaseViewController.swift in Sources */ = {isa = PBXBuildFile; fileRef = EE6AB90F2A262E4F00F18596 /* BaseViewController.swift */; };
		EE6AB9142A262E8100F18596 /* BaseTableViewCell.swift in Sources */ = {isa = PBXBuildFile; fileRef = EE6AB9132A262E8100F18596 /* BaseTableViewCell.swift */; };
		EE6AB9162A262E8A00F18596 /* BaseCollectionViewCell.swift in Sources */ = {isa = PBXBuildFile; fileRef = EE6AB9152A262E8A00F18596 /* BaseCollectionViewCell.swift */; };
		EE6AB9182A262EAC00F18596 /* Entity.swift in Sources */ = {isa = PBXBuildFile; fileRef = EE6AB9172A262EAC00F18596 /* Entity.swift */; };
		EE6AB91A2A262EB100F18596 /* UseCase.swift in Sources */ = {isa = PBXBuildFile; fileRef = EE6AB9192A262EB100F18596 /* UseCase.swift */; };
		EE6AB91C2A262EBA00F18596 /* RepositoryInterface.swift in Sources */ = {isa = PBXBuildFile; fileRef = EE6AB91B2A262EBA00F18596 /* RepositoryInterface.swift */; };
		EE6AB91E2A262EC400F18596 /* Repository.swift in Sources */ = {isa = PBXBuildFile; fileRef = EE6AB91D2A262EC400F18596 /* Repository.swift */; };
		EE6AB9202A262ECA00F18596 /* Service.swift in Sources */ = {isa = PBXBuildFile; fileRef = EE6AB91F2A262ECA00F18596 /* Service.swift */; };
		EE6AB9222A262ECF00F18596 /* Model.swift in Sources */ = {isa = PBXBuildFile; fileRef = EE6AB9212A262ECF00F18596 /* Model.swift */; };
		EE6AB9262A26317700F18596 /* BaseView.swift in Sources */ = {isa = PBXBuildFile; fileRef = EE6AB9252A26317700F18596 /* BaseView.swift */; };
		EE7A96F62A25D32E003E362F /* SnapKit in Frameworks */ = {isa = PBXBuildFile; productRef = EE7A96F52A25D32E003E362F /* SnapKit */; };
		EE7A96F92A25D3B9003E362F /* RxCocoa in Frameworks */ = {isa = PBXBuildFile; productRef = EE7A96F82A25D3B9003E362F /* RxCocoa */; };
		EE7A96FB2A25D3B9003E362F /* RxSwift in Frameworks */ = {isa = PBXBuildFile; productRef = EE7A96FA2A25D3B9003E362F /* RxSwift */; };
		EE9EC0512A28B4B000C77D16 /* TabBarItem.swift in Sources */ = {isa = PBXBuildFile; fileRef = EE9EC04F2A28B4B000C77D16 /* TabBarItem.swift */; };
		EE9EC0562A28B4C700C77D16 /* HomeViewController.swift in Sources */ = {isa = PBXBuildFile; fileRef = EE9EC0532A28B4C700C77D16 /* HomeViewController.swift */; };
		EE9EC0572A28B4C700C77D16 /* MyPageViewController.swift in Sources */ = {isa = PBXBuildFile; fileRef = EE9EC0542A28B4C700C77D16 /* MyPageViewController.swift */; };
		EE9EC0582A28B4C700C77D16 /* CategoryViewController.swift in Sources */ = {isa = PBXBuildFile; fileRef = EE9EC0552A28B4C700C77D16 /* CategoryViewController.swift */; };
		EE9EC05A2A28B50100C77D16 /* TabBarViewController.swift in Sources */ = {isa = PBXBuildFile; fileRef = EE9EC0592A28B50100C77D16 /* TabBarViewController.swift */; };
		EEEA35242A28B72D003431B5 /* HeyTicketKit.framework in Frameworks */ = {isa = PBXBuildFile; fileRef = EEEA35232A28B726003431B5 /* HeyTicketKit.framework */; };
		EEEA35252A28B72D003431B5 /* HeyTicketKit.framework in Embed Frameworks */ = {isa = PBXBuildFile; fileRef = EEEA35232A28B726003431B5 /* HeyTicketKit.framework */; settings = {ATTRIBUTES = (CodeSignOnCopy, RemoveHeadersOnCopy, ); }; };
		EEEA355A2A28B99D003431B5 /* Pretendard-Medium.otf in Resources */ = {isa = PBXBuildFile; fileRef = EEEA35562A28B99C003431B5 /* Pretendard-Medium.otf */; };
		EEEA355B2A28B99D003431B5 /* Pretendard-Regular.otf in Resources */ = {isa = PBXBuildFile; fileRef = EEEA35572A28B99C003431B5 /* Pretendard-Regular.otf */; };
		EEEA355C2A28B99D003431B5 /* Pretendard-Bold.otf in Resources */ = {isa = PBXBuildFile; fileRef = EEEA35582A28B99C003431B5 /* Pretendard-Bold.otf */; };
		EEEA355D2A28B99D003431B5 /* Pretendard-SemiBold.otf in Resources */ = {isa = PBXBuildFile; fileRef = EEEA35592A28B99D003431B5 /* Pretendard-SemiBold.otf */; };
		EEEFAD6C2A2D817D00A2B140 /* RecommendShowListTableViewCell.swift in Sources */ = {isa = PBXBuildFile; fileRef = EEEFAD6B2A2D817D00A2B140 /* RecommendShowListTableViewCell.swift */; };
		EEEFAD6E2A2D819500A2B140 /* RankingTicketCollectionViewCell.swift in Sources */ = {isa = PBXBuildFile; fileRef = EEEFAD6D2A2D819500A2B140 /* RankingTicketCollectionViewCell.swift */; };
		EEEFAD742A2DAC7F00A2B140 /* BaseViewModel.swift in Sources */ = {isa = PBXBuildFile; fileRef = EEEFAD732A2DAC7F00A2B140 /* BaseViewModel.swift */; };
		EEEFAD762A2DCC9C00A2B140 /* RecommendTicketCollectionViewCell.swift in Sources */ = {isa = PBXBuildFile; fileRef = EEEFAD752A2DCC9C00A2B140 /* RecommendTicketCollectionViewCell.swift */; };
/* End PBXBuildFile section */

/* Begin PBXContainerItemProxy section */
		EEEA35222A28B726003431B5 /* PBXContainerItemProxy */ = {
			isa = PBXContainerItemProxy;
			containerPortal = EEEA351E2A28B726003431B5 /* HeyTicketKit.xcodeproj */;
			proxyType = 2;
			remoteGlobalIDString = EE7A96EA2A25D01E003E362F;
			remoteInfo = HeyTicketKit;
		};
/* End PBXContainerItemProxy section */

/* Begin PBXCopyFilesBuildPhase section */
		EE950C242A27229E005EC418 /* Embed Frameworks */ = {
			isa = PBXCopyFilesBuildPhase;
			buildActionMask = 2147483647;
			dstPath = "";
			dstSubfolderSpec = 10;
			files = (
				EEEA35252A28B72D003431B5 /* HeyTicketKit.framework in Embed Frameworks */,
			);
			name = "Embed Frameworks";
			runOnlyForDeploymentPostprocessing = 0;
		};
/* End PBXCopyFilesBuildPhase section */

/* Begin PBXFileReference section */
		EE3C4CDC2A2B3D6D0049F737 /* DIContainer.swift */ = {isa = PBXFileReference; lastKnownFileType = sourcecode.swift; path = DIContainer.swift; sourceTree = "<group>"; };
		EE3C4CDE2A2B3D760049F737 /* Coordinator.swift */ = {isa = PBXFileReference; lastKnownFileType = sourcecode.swift; path = Coordinator.swift; sourceTree = "<group>"; };
		EE3C4CE02A2B3DB30049F737 /* TabBarDIContainer.swift */ = {isa = PBXFileReference; lastKnownFileType = sourcecode.swift; path = TabBarDIContainer.swift; sourceTree = "<group>"; };
		EE3C4CE22A2B3DC20049F737 /* TabBarCoordinator.swift */ = {isa = PBXFileReference; lastKnownFileType = sourcecode.swift; path = TabBarCoordinator.swift; sourceTree = "<group>"; };
		EE3C4CE62A2B62450049F737 /* HomeDIContainer.swift */ = {isa = PBXFileReference; lastKnownFileType = sourcecode.swift; path = HomeDIContainer.swift; sourceTree = "<group>"; };
		EE3C4CE82A2B624D0049F737 /* MyPageDIContainer.swift */ = {isa = PBXFileReference; lastKnownFileType = sourcecode.swift; path = MyPageDIContainer.swift; sourceTree = "<group>"; };
		EE3C4CEA2A2B62550049F737 /* CategoryDIContainer.swift */ = {isa = PBXFileReference; lastKnownFileType = sourcecode.swift; path = CategoryDIContainer.swift; sourceTree = "<group>"; };
		EE3C4CEC2A2B63EB0049F737 /* HomeCoordinator.swift */ = {isa = PBXFileReference; lastKnownFileType = sourcecode.swift; path = HomeCoordinator.swift; sourceTree = "<group>"; };
		EE3C4CEE2A2B64B60049F737 /* CategoryCoordinator.swift */ = {isa = PBXFileReference; lastKnownFileType = sourcecode.swift; path = CategoryCoordinator.swift; sourceTree = "<group>"; };
		EE3C4CF02A2B65D90049F737 /* MyPageCoordinator.swift */ = {isa = PBXFileReference; lastKnownFileType = sourcecode.swift; path = MyPageCoordinator.swift; sourceTree = "<group>"; };
		EE3C4D002A2C8D0A0049F737 /* HomeHeaderView.swift */ = {isa = PBXFileReference; lastKnownFileType = sourcecode.swift; path = HomeHeaderView.swift; sourceTree = "<group>"; };
		EE3C4D052A2C8D270049F737 /* HomeViewModel.swift */ = {isa = PBXFileReference; lastKnownFileType = sourcecode.swift; path = HomeViewModel.swift; sourceTree = "<group>"; };
		EE3C4D072A2C8D3D0049F737 /* HomeViewModelInterface.swift */ = {isa = PBXFileReference; lastKnownFileType = sourcecode.swift; path = HomeViewModelInterface.swift; sourceTree = "<group>"; };
		EE3C4D0A2A2C8DD10049F737 /* Pretendard-Black.otf */ = {isa = PBXFileReference; lastKnownFileType = file; path = "Pretendard-Black.otf"; sourceTree = "<group>"; };
		EE3C4D0E2A2C90760049F737 /* TableOnlyView.swift */ = {isa = PBXFileReference; lastKnownFileType = sourcecode.swift; path = TableOnlyView.swift; sourceTree = "<group>"; };
		EE3C4D112A2C911C0049F737 /* CellReuseable.swift */ = {isa = PBXFileReference; lastKnownFileType = sourcecode.swift; path = CellReuseable.swift; sourceTree = "<group>"; };
		EE3C4D142A2C91860049F737 /* UITableView+extension.swift */ = {isa = PBXFileReference; lastKnownFileType = sourcecode.swift; path = "UITableView+extension.swift"; sourceTree = "<group>"; };
		EE3C4D162A2C91A50049F737 /* UICollectionView+extension.swift */ = {isa = PBXFileReference; lastKnownFileType = sourcecode.swift; path = "UICollectionView+extension.swift"; sourceTree = "<group>"; };
		EE3C4D182A2C92840049F737 /* HomeRecommendBannerTableViewCell.swift */ = {isa = PBXFileReference; lastKnownFileType = sourcecode.swift; path = HomeRecommendBannerTableViewCell.swift; sourceTree = "<group>"; };
		EE3C4D1A2A2C92F20049F737 /* SectionTitleTableViewCell.swift */ = {isa = PBXFileReference; lastKnownFileType = sourcecode.swift; path = SectionTitleTableViewCell.swift; sourceTree = "<group>"; };
		EE3C4D1C2A2C93010049F737 /* CategorySelectTableViewCell.swift */ = {isa = PBXFileReference; lastKnownFileType = sourcecode.swift; path = CategorySelectTableViewCell.swift; sourceTree = "<group>"; };
		EE3C4D1E2A2C93C30049F737 /* TicketListTableViewCell.swift */ = {isa = PBXFileReference; lastKnownFileType = sourcecode.swift; path = TicketListTableViewCell.swift; sourceTree = "<group>"; };
		EE3C4D212A2C93DD0049F737 /* HomeTicketCollectionViewCell.swift */ = {isa = PBXFileReference; lastKnownFileType = sourcecode.swift; path = HomeTicketCollectionViewCell.swift; sourceTree = "<group>"; };
		EE3C4D232A2C93ED0049F737 /* CategoryCollectionViewCell.swift */ = {isa = PBXFileReference; lastKnownFileType = sourcecode.swift; path = CategoryCollectionViewCell.swift; sourceTree = "<group>"; };
		EE3C4D262A2C97A90049F737 /* UIView+extension.swift */ = {isa = PBXFileReference; lastKnownFileType = sourcecode.swift; path = "UIView+extension.swift"; sourceTree = "<group>"; };
		EE3C4D282A2CA11F0049F737 /* UIStackView+extension.swift */ = {isa = PBXFileReference; lastKnownFileType = sourcecode.swift; path = "UIStackView+extension.swift"; sourceTree = "<group>"; };
		EE47A8A92A24C2D000FAAC06 /* HeyTicket.app */ = {isa = PBXFileReference; explicitFileType = wrapper.application; includeInIndex = 0; path = HeyTicket.app; sourceTree = BUILT_PRODUCTS_DIR; };
		EE47A8AC2A24C2D000FAAC06 /* AppDelegate.swift */ = {isa = PBXFileReference; lastKnownFileType = sourcecode.swift; path = AppDelegate.swift; sourceTree = "<group>"; };
		EE47A8AE2A24C2D000FAAC06 /* SceneDelegate.swift */ = {isa = PBXFileReference; lastKnownFileType = sourcecode.swift; path = SceneDelegate.swift; sourceTree = "<group>"; };
		EE47A8B82A24C2D100FAAC06 /* Base */ = {isa = PBXFileReference; lastKnownFileType = file.storyboard; name = Base; path = Base.lproj/LaunchScreen.storyboard; sourceTree = "<group>"; };
		EE47A8BA2A24C2D100FAAC06 /* Info.plist */ = {isa = PBXFileReference; lastKnownFileType = text.plist.xml; path = Info.plist; sourceTree = "<group>"; };
		EE6AB90F2A262E4F00F18596 /* BaseViewController.swift */ = {isa = PBXFileReference; lastKnownFileType = sourcecode.swift; path = BaseViewController.swift; sourceTree = "<group>"; };
		EE6AB9132A262E8100F18596 /* BaseTableViewCell.swift */ = {isa = PBXFileReference; lastKnownFileType = sourcecode.swift; path = BaseTableViewCell.swift; sourceTree = "<group>"; };
		EE6AB9152A262E8A00F18596 /* BaseCollectionViewCell.swift */ = {isa = PBXFileReference; lastKnownFileType = sourcecode.swift; path = BaseCollectionViewCell.swift; sourceTree = "<group>"; };
		EE6AB9172A262EAC00F18596 /* Entity.swift */ = {isa = PBXFileReference; lastKnownFileType = sourcecode.swift; path = Entity.swift; sourceTree = "<group>"; };
		EE6AB9192A262EB100F18596 /* UseCase.swift */ = {isa = PBXFileReference; lastKnownFileType = sourcecode.swift; path = UseCase.swift; sourceTree = "<group>"; };
		EE6AB91B2A262EBA00F18596 /* RepositoryInterface.swift */ = {isa = PBXFileReference; lastKnownFileType = sourcecode.swift; path = RepositoryInterface.swift; sourceTree = "<group>"; };
		EE6AB91D2A262EC400F18596 /* Repository.swift */ = {isa = PBXFileReference; lastKnownFileType = sourcecode.swift; path = Repository.swift; sourceTree = "<group>"; };
		EE6AB91F2A262ECA00F18596 /* Service.swift */ = {isa = PBXFileReference; lastKnownFileType = sourcecode.swift; path = Service.swift; sourceTree = "<group>"; };
		EE6AB9212A262ECF00F18596 /* Model.swift */ = {isa = PBXFileReference; lastKnownFileType = sourcecode.swift; path = Model.swift; sourceTree = "<group>"; };
		EE6AB9252A26317700F18596 /* BaseView.swift */ = {isa = PBXFileReference; lastKnownFileType = sourcecode.swift; path = BaseView.swift; sourceTree = "<group>"; };
		EE9EC04F2A28B4B000C77D16 /* TabBarItem.swift */ = {isa = PBXFileReference; fileEncoding = 4; lastKnownFileType = sourcecode.swift; path = TabBarItem.swift; sourceTree = "<group>"; };
		EE9EC0532A28B4C700C77D16 /* HomeViewController.swift */ = {isa = PBXFileReference; fileEncoding = 4; lastKnownFileType = sourcecode.swift; path = HomeViewController.swift; sourceTree = "<group>"; };
		EE9EC0542A28B4C700C77D16 /* MyPageViewController.swift */ = {isa = PBXFileReference; fileEncoding = 4; lastKnownFileType = sourcecode.swift; path = MyPageViewController.swift; sourceTree = "<group>"; };
		EE9EC0552A28B4C700C77D16 /* CategoryViewController.swift */ = {isa = PBXFileReference; fileEncoding = 4; lastKnownFileType = sourcecode.swift; path = CategoryViewController.swift; sourceTree = "<group>"; };
		EE9EC0592A28B50100C77D16 /* TabBarViewController.swift */ = {isa = PBXFileReference; fileEncoding = 4; lastKnownFileType = sourcecode.swift; path = TabBarViewController.swift; sourceTree = "<group>"; };
		EEEA351E2A28B726003431B5 /* HeyTicketKit.xcodeproj */ = {isa = PBXFileReference; lastKnownFileType = "wrapper.pb-project"; name = HeyTicketKit.xcodeproj; path = ../HeyTicketKit_iOS/HeyTicketKit.xcodeproj; sourceTree = "<group>"; };
		EEEA35562A28B99C003431B5 /* Pretendard-Medium.otf */ = {isa = PBXFileReference; lastKnownFileType = file; path = "Pretendard-Medium.otf"; sourceTree = "<group>"; };
		EEEA35572A28B99C003431B5 /* Pretendard-Regular.otf */ = {isa = PBXFileReference; lastKnownFileType = file; path = "Pretendard-Regular.otf"; sourceTree = "<group>"; };
		EEEA35582A28B99C003431B5 /* Pretendard-Bold.otf */ = {isa = PBXFileReference; lastKnownFileType = file; path = "Pretendard-Bold.otf"; sourceTree = "<group>"; };
		EEEA35592A28B99D003431B5 /* Pretendard-SemiBold.otf */ = {isa = PBXFileReference; lastKnownFileType = file; path = "Pretendard-SemiBold.otf"; sourceTree = "<group>"; };
		EEEFAD6B2A2D817D00A2B140 /* RecommendShowListTableViewCell.swift */ = {isa = PBXFileReference; lastKnownFileType = sourcecode.swift; path = RecommendShowListTableViewCell.swift; sourceTree = "<group>"; };
		EEEFAD6D2A2D819500A2B140 /* RankingTicketCollectionViewCell.swift */ = {isa = PBXFileReference; lastKnownFileType = sourcecode.swift; path = RankingTicketCollectionViewCell.swift; sourceTree = "<group>"; };
		EEEFAD732A2DAC7F00A2B140 /* BaseViewModel.swift */ = {isa = PBXFileReference; lastKnownFileType = sourcecode.swift; path = BaseViewModel.swift; sourceTree = "<group>"; };
		EEEFAD752A2DCC9C00A2B140 /* RecommendTicketCollectionViewCell.swift */ = {isa = PBXFileReference; lastKnownFileType = sourcecode.swift; path = RecommendTicketCollectionViewCell.swift; sourceTree = "<group>"; };
/* End PBXFileReference section */

/* Begin PBXFrameworksBuildPhase section */
		EE47A8A62A24C2D000FAAC06 /* Frameworks */ = {
			isa = PBXFrameworksBuildPhase;
			buildActionMask = 2147483647;
			files = (
				EEEA35242A28B72D003431B5 /* HeyTicketKit.framework in Frameworks */,
				EE7A96FB2A25D3B9003E362F /* RxSwift in Frameworks */,
				EE7A96F92A25D3B9003E362F /* RxCocoa in Frameworks */,
				EE7A96F62A25D32E003E362F /* SnapKit in Frameworks */,
			);
			runOnlyForDeploymentPostprocessing = 0;
		};
/* End PBXFrameworksBuildPhase section */

/* Begin PBXGroup section */
		EE3C4CDA2A2B3D530049F737 /* DIContainer */ = {
			isa = PBXGroup;
			children = (
				EE3C4CDC2A2B3D6D0049F737 /* DIContainer.swift */,
				EE3C4CE02A2B3DB30049F737 /* TabBarDIContainer.swift */,
				EE3C4CE62A2B62450049F737 /* HomeDIContainer.swift */,
				EE3C4CEA2A2B62550049F737 /* CategoryDIContainer.swift */,
				EE3C4CE82A2B624D0049F737 /* MyPageDIContainer.swift */,
			);
			path = DIContainer;
			sourceTree = "<group>";
		};
		EE3C4CDB2A2B3D590049F737 /* Coordinator */ = {
			isa = PBXGroup;
			children = (
				EE3C4CDE2A2B3D760049F737 /* Coordinator.swift */,
				EE3C4CE22A2B3DC20049F737 /* TabBarCoordinator.swift */,
				EE3C4CEC2A2B63EB0049F737 /* HomeCoordinator.swift */,
				EE3C4CEE2A2B64B60049F737 /* CategoryCoordinator.swift */,
				EE3C4CF02A2B65D90049F737 /* MyPageCoordinator.swift */,
			);
			path = Coordinator;
			sourceTree = "<group>";
		};
		EE3C4CFC2A2C8C130049F737 /* View */ = {
			isa = PBXGroup;
			children = (
				EE3C4D002A2C8D0A0049F737 /* HomeHeaderView.swift */,
			);
			path = View;
			sourceTree = "<group>";
		};
		EE3C4CFD2A2C8C190049F737 /* ViewModel */ = {
			isa = PBXGroup;
			children = (
				EE3C4D092A2C8D420049F737 /* Interface */,
				EE3C4D052A2C8D270049F737 /* HomeViewModel.swift */,
			);
			path = ViewModel;
			sourceTree = "<group>";
		};
		EE3C4CFE2A2C8C210049F737 /* ViewController */ = {
			isa = PBXGroup;
			children = (
				EE9EC0532A28B4C700C77D16 /* HomeViewController.swift */,
			);
			path = ViewController;
			sourceTree = "<group>";
		};
		EE3C4D042A2C8D1D0049F737 /* Cell */ = {
			isa = PBXGroup;
			children = (
				EE3C4D182A2C92840049F737 /* HomeRecommendBannerTableViewCell.swift */,
				EE3C4D1A2A2C92F20049F737 /* SectionTitleTableViewCell.swift */,
				EE3C4D1E2A2C93C30049F737 /* TicketListTableViewCell.swift */,
				EEEFAD6B2A2D817D00A2B140 /* RecommendShowListTableViewCell.swift */,
				EE3C4D212A2C93DD0049F737 /* HomeTicketCollectionViewCell.swift */,
				EEEFAD752A2DCC9C00A2B140 /* RecommendTicketCollectionViewCell.swift */,
				EEEFAD6D2A2D819500A2B140 /* RankingTicketCollectionViewCell.swift */,
			);
			path = Cell;
			sourceTree = "<group>";
		};
		EE3C4D092A2C8D420049F737 /* Interface */ = {
			isa = PBXGroup;
			children = (
				EE3C4D072A2C8D3D0049F737 /* HomeViewModelInterface.swift */,
			);
			path = Interface;
			sourceTree = "<group>";
		};
		EE3C4D102A2C91120049F737 /* Cell */ = {
			isa = PBXGroup;
			children = (
				EE3C4D112A2C911C0049F737 /* CellReuseable.swift */,
				EE6AB9132A262E8100F18596 /* BaseTableViewCell.swift */,
				EE6AB9152A262E8A00F18596 /* BaseCollectionViewCell.swift */,
			);
			path = Cell;
			sourceTree = "<group>";
		};
		EE3C4D132A2C91590049F737 /* Extension */ = {
			isa = PBXGroup;
			children = (
				EE3C4D262A2C97A90049F737 /* UIView+extension.swift */,
				EE3C4D282A2CA11F0049F737 /* UIStackView+extension.swift */,
				EE3C4D142A2C91860049F737 /* UITableView+extension.swift */,
				EE3C4D162A2C91A50049F737 /* UICollectionView+extension.swift */,
			);
			path = Extension;
			sourceTree = "<group>";
		};
		EE3C4D252A2C94210049F737 /* Category */ = {
			isa = PBXGroup;
			children = (
				EE3C4D1C2A2C93010049F737 /* CategorySelectTableViewCell.swift */,
				EE3C4D232A2C93ED0049F737 /* CategoryCollectionViewCell.swift */,
			);
			path = Category;
			sourceTree = "<group>";
		};
		EE47A8A02A24C2D000FAAC06 = {
			isa = PBXGroup;
			children = (
				EEEA351E2A28B726003431B5 /* HeyTicketKit.xcodeproj */,
				EE47A8AB2A24C2D000FAAC06 /* HeyTicket */,
				EE47A8AA2A24C2D000FAAC06 /* Products */,
				EE7A97222A25E1F0003E362F /* Frameworks */,
			);
			sourceTree = "<group>";
		};
		EE47A8AA2A24C2D000FAAC06 /* Products */ = {
			isa = PBXGroup;
			children = (
				EE47A8A92A24C2D000FAAC06 /* HeyTicket.app */,
			);
			name = Products;
			sourceTree = "<group>";
		};
		EE47A8AB2A24C2D000FAAC06 /* HeyTicket */ = {
			isa = PBXGroup;
			children = (
				EE7A97002A25D4B8003E362F /* Application */,
				EE6AB9022A262C7300F18596 /* Presentation */,
				EE6AB9082A262CBA00F18596 /* Domain */,
				EE6AB8FE2A262C5300F18596 /* Data */,
				EE7A96FE2A25D471003E362F /* Resources */,
			);
			path = HeyTicket;
			sourceTree = "<group>";
		};
		EE6AB8FE2A262C5300F18596 /* Data */ = {
			isa = PBXGroup;
			children = (
				EE6AB9012A262C6700F18596 /* Repository */,
				EE6AB9002A262C6300F18596 /* Service */,
				EE6AB8FF2A262C5F00F18596 /* Model */,
			);
			path = Data;
			sourceTree = "<group>";
		};
		EE6AB8FF2A262C5F00F18596 /* Model */ = {
			isa = PBXGroup;
			children = (
				EE6AB9212A262ECF00F18596 /* Model.swift */,
			);
			path = Model;
			sourceTree = "<group>";
		};
		EE6AB9002A262C6300F18596 /* Service */ = {
			isa = PBXGroup;
			children = (
				EE6AB91F2A262ECA00F18596 /* Service.swift */,
			);
			path = Service;
			sourceTree = "<group>";
		};
		EE6AB9012A262C6700F18596 /* Repository */ = {
			isa = PBXGroup;
			children = (
				EE6AB91D2A262EC400F18596 /* Repository.swift */,
			);
			path = Repository;
			sourceTree = "<group>";
		};
		EE6AB9022A262C7300F18596 /* Presentation */ = {
			isa = PBXGroup;
			children = (
				EE6AB9052A262C8800F18596 /* Utils */,
				EE9EC04A2A28B43200C77D16 /* TabBar */,
				EEEA35602A28BB2B003431B5 /* Home */,
				EEEA35612A28BB32003431B5 /* Category */,
				EEEA35622A28BB37003431B5 /* MyPage */,
			);
			path = Presentation;
			sourceTree = "<group>";
		};
		EE6AB9052A262C8800F18596 /* Utils */ = {
			isa = PBXGroup;
			children = (
				EE6AB90E2A262E0800F18596 /* Base */,
				EE3C4D132A2C91590049F737 /* Extension */,
				EE3C4D252A2C94210049F737 /* Category */,
				EE3C4D0E2A2C90760049F737 /* TableOnlyView.swift */,
			);
			path = Utils;
			sourceTree = "<group>";
		};
		EE6AB9082A262CBA00F18596 /* Domain */ = {
			isa = PBXGroup;
			children = (
				EE6AB90C2A262CE300F18596 /* Entity */,
				EE6AB90D2A262CEA00F18596 /* UseCase */,
				EE6AB90B2A262CD600F18596 /* RepositoryInterface */,
			);
			path = Domain;
			sourceTree = "<group>";
		};
		EE6AB90B2A262CD600F18596 /* RepositoryInterface */ = {
			isa = PBXGroup;
			children = (
				EE6AB91B2A262EBA00F18596 /* RepositoryInterface.swift */,
			);
			path = RepositoryInterface;
			sourceTree = "<group>";
		};
		EE6AB90C2A262CE300F18596 /* Entity */ = {
			isa = PBXGroup;
			children = (
				EE6AB9172A262EAC00F18596 /* Entity.swift */,
			);
			path = Entity;
			sourceTree = "<group>";
		};
		EE6AB90D2A262CEA00F18596 /* UseCase */ = {
			isa = PBXGroup;
			children = (
				EE6AB9192A262EB100F18596 /* UseCase.swift */,
			);
			path = UseCase;
			sourceTree = "<group>";
		};
		EE6AB90E2A262E0800F18596 /* Base */ = {
			isa = PBXGroup;
			children = (
				EE3C4D102A2C91120049F737 /* Cell */,
				EE6AB90F2A262E4F00F18596 /* BaseViewController.swift */,
				EE6AB9252A26317700F18596 /* BaseView.swift */,
				EEEFAD732A2DAC7F00A2B140 /* BaseViewModel.swift */,
			);
			path = Base;
			sourceTree = "<group>";
		};
		EE7A96FE2A25D471003E362F /* Resources */ = {
			isa = PBXGroup;
			children = (
				EEEA35452A28B98F003431B5 /* Font */,
				EE47A8B72A24C2D100FAAC06 /* LaunchScreen.storyboard */,
				EE47A8BA2A24C2D100FAAC06 /* Info.plist */,
			);
			path = Resources;
			sourceTree = "<group>";
		};
		EE7A97002A25D4B8003E362F /* Application */ = {
			isa = PBXGroup;
			children = (
				EE47A8AC2A24C2D000FAAC06 /* AppDelegate.swift */,
				EE47A8AE2A24C2D000FAAC06 /* SceneDelegate.swift */,
				EE3C4CDA2A2B3D530049F737 /* DIContainer */,
				EE3C4CDB2A2B3D590049F737 /* Coordinator */,
			);
			path = Application;
			sourceTree = "<group>";
		};
		EE7A97222A25E1F0003E362F /* Frameworks */ = {
			isa = PBXGroup;
			children = (
			);
			name = Frameworks;
			sourceTree = "<group>";
		};
		EE9EC04A2A28B43200C77D16 /* TabBar */ = {
			isa = PBXGroup;
			children = (
				EE9EC04F2A28B4B000C77D16 /* TabBarItem.swift */,
				EE9EC0592A28B50100C77D16 /* TabBarViewController.swift */,
			);
			path = TabBar;
			sourceTree = "<group>";
		};
		EEEA351F2A28B726003431B5 /* Products */ = {
			isa = PBXGroup;
			children = (
				EEEA35232A28B726003431B5 /* HeyTicketKit.framework */,
			);
			name = Products;
			sourceTree = "<group>";
		};
		EEEA35452A28B98F003431B5 /* Font */ = {
			isa = PBXGroup;
			children = (
				EE3C4D0A2A2C8DD10049F737 /* Pretendard-Black.otf */,
				EEEA35582A28B99C003431B5 /* Pretendard-Bold.otf */,
				EEEA35562A28B99C003431B5 /* Pretendard-Medium.otf */,
				EEEA35572A28B99C003431B5 /* Pretendard-Regular.otf */,
				EEEA35592A28B99D003431B5 /* Pretendard-SemiBold.otf */,
			);
			name = Font;
			path = ../../../HeyTicketKit_iOS/HeyTicketKit/Resource/Font;
			sourceTree = "<group>";
		};
		EEEA35602A28BB2B003431B5 /* Home */ = {
			isa = PBXGroup;
			children = (
				EE3C4CFE2A2C8C210049F737 /* ViewController */,
				EE3C4CFD2A2C8C190049F737 /* ViewModel */,
				EE3C4CFC2A2C8C130049F737 /* View */,
				EE3C4D042A2C8D1D0049F737 /* Cell */,
			);
			path = Home;
			sourceTree = "<group>";
		};
		EEEA35612A28BB32003431B5 /* Category */ = {
			isa = PBXGroup;
			children = (
				EE9EC0552A28B4C700C77D16 /* CategoryViewController.swift */,
			);
			path = Category;
			sourceTree = "<group>";
		};
		EEEA35622A28BB37003431B5 /* MyPage */ = {
			isa = PBXGroup;
			children = (
				EE9EC0542A28B4C700C77D16 /* MyPageViewController.swift */,
			);
			name = MyPage;
			sourceTree = "<group>";
		};
/* End PBXGroup section */

/* Begin PBXNativeTarget section */
		EE47A8A82A24C2D000FAAC06 /* HeyTicket */ = {
			isa = PBXNativeTarget;
			buildConfigurationList = EE47A8BD2A24C2D100FAAC06 /* Build configuration list for PBXNativeTarget "HeyTicket" */;
			buildPhases = (
				EE47A8A52A24C2D000FAAC06 /* Sources */,
				EE47A8A62A24C2D000FAAC06 /* Frameworks */,
				EE47A8A72A24C2D000FAAC06 /* Resources */,
				EE950C242A27229E005EC418 /* Embed Frameworks */,
			);
			buildRules = (
			);
			dependencies = (
			);
			name = HeyTicket;
			packageProductDependencies = (
				EE7A96F52A25D32E003E362F /* SnapKit */,
				EE7A96F82A25D3B9003E362F /* RxCocoa */,
				EE7A96FA2A25D3B9003E362F /* RxSwift */,
			);
			productName = HeyTicket;
			productReference = EE47A8A92A24C2D000FAAC06 /* HeyTicket.app */;
			productType = "com.apple.product-type.application";
		};
/* End PBXNativeTarget section */

/* Begin PBXProject section */
		EE47A8A12A24C2D000FAAC06 /* Project object */ = {
			isa = PBXProject;
			attributes = {
				BuildIndependentTargetsInParallel = 1;
				LastSwiftUpdateCheck = 1410;
				LastUpgradeCheck = 1410;
				TargetAttributes = {
					EE47A8A82A24C2D000FAAC06 = {
						CreatedOnToolsVersion = 14.1;
					};
				};
			};
			buildConfigurationList = EE47A8A42A24C2D000FAAC06 /* Build configuration list for PBXProject "HeyTicket" */;
			compatibilityVersion = "Xcode 14.0";
			developmentRegion = en;
			hasScannedForEncodings = 0;
			knownRegions = (
				en,
				Base,
			);
			mainGroup = EE47A8A02A24C2D000FAAC06;
			packageReferences = (
				EE7A96F42A25D32E003E362F /* XCRemoteSwiftPackageReference "SnapKit" */,
				EE7A96F72A25D3B9003E362F /* XCRemoteSwiftPackageReference "RxSwift" */,
			);
			productRefGroup = EE47A8AA2A24C2D000FAAC06 /* Products */;
			projectDirPath = "";
			projectReferences = (
				{
					ProductGroup = EEEA351F2A28B726003431B5 /* Products */;
					ProjectRef = EEEA351E2A28B726003431B5 /* HeyTicketKit.xcodeproj */;
				},
			);
			projectRoot = "";
			targets = (
				EE47A8A82A24C2D000FAAC06 /* HeyTicket */,
			);
		};
/* End PBXProject section */

/* Begin PBXReferenceProxy section */
		EEEA35232A28B726003431B5 /* HeyTicketKit.framework */ = {
			isa = PBXReferenceProxy;
			fileType = wrapper.framework;
			path = HeyTicketKit.framework;
			remoteRef = EEEA35222A28B726003431B5 /* PBXContainerItemProxy */;
			sourceTree = BUILT_PRODUCTS_DIR;
		};
/* End PBXReferenceProxy section */

/* Begin PBXResourcesBuildPhase section */
		EE47A8A72A24C2D000FAAC06 /* Resources */ = {
			isa = PBXResourcesBuildPhase;
			buildActionMask = 2147483647;
			files = (
				EE47A8B92A24C2D100FAAC06 /* LaunchScreen.storyboard in Resources */,
				EEEA355C2A28B99D003431B5 /* Pretendard-Bold.otf in Resources */,
				EEEA355B2A28B99D003431B5 /* Pretendard-Regular.otf in Resources */,
				EEEA355D2A28B99D003431B5 /* Pretendard-SemiBold.otf in Resources */,
				EE3C4D0B2A2C8DD10049F737 /* Pretendard-Black.otf in Resources */,
				EEEA355A2A28B99D003431B5 /* Pretendard-Medium.otf in Resources */,
			);
			runOnlyForDeploymentPostprocessing = 0;
		};
/* End PBXResourcesBuildPhase section */

/* Begin PBXSourcesBuildPhase section */
		EE47A8A52A24C2D000FAAC06 /* Sources */ = {
			isa = PBXSourcesBuildPhase;
			buildActionMask = 2147483647;
			files = (
				EEEFAD762A2DCC9C00A2B140 /* RecommendTicketCollectionViewCell.swift in Sources */,
				EE3C4D222A2C93DD0049F737 /* HomeTicketCollectionViewCell.swift in Sources */,
				EE9EC0572A28B4C700C77D16 /* MyPageViewController.swift in Sources */,
				EE47A8AD2A24C2D000FAAC06 /* AppDelegate.swift in Sources */,
				EE6AB9262A26317700F18596 /* BaseView.swift in Sources */,
				EE3C4D082A2C8D3D0049F737 /* HomeViewModelInterface.swift in Sources */,
				EE6AB91C2A262EBA00F18596 /* RepositoryInterface.swift in Sources */,
				EE3C4CF12A2B65D90049F737 /* MyPageCoordinator.swift in Sources */,
				EE9EC05A2A28B50100C77D16 /* TabBarViewController.swift in Sources */,
				EE6AB91A2A262EB100F18596 /* UseCase.swift in Sources */,
				EE3C4CE12A2B3DB30049F737 /* TabBarDIContainer.swift in Sources */,
				EE3C4D1F2A2C93C30049F737 /* TicketListTableViewCell.swift in Sources */,
				EE3C4CED2A2B63EB0049F737 /* HomeCoordinator.swift in Sources */,
				EE3C4CDF2A2B3D760049F737 /* Coordinator.swift in Sources */,
				EE9EC0562A28B4C700C77D16 /* HomeViewController.swift in Sources */,
				EE9EC0512A28B4B000C77D16 /* TabBarItem.swift in Sources */,
				EE3C4D062A2C8D270049F737 /* HomeViewModel.swift in Sources */,
				EE3C4D242A2C93ED0049F737 /* CategoryCollectionViewCell.swift in Sources */,
				EE9EC0582A28B4C700C77D16 /* CategoryViewController.swift in Sources */,
				EE6AB9222A262ECF00F18596 /* Model.swift in Sources */,
				EE47A8AF2A24C2D000FAAC06 /* SceneDelegate.swift in Sources */,
				EE6AB9182A262EAC00F18596 /* Entity.swift in Sources */,
				EE3C4D152A2C91860049F737 /* UITableView+extension.swift in Sources */,
				EE3C4D172A2C91A50049F737 /* UICollectionView+extension.swift in Sources */,
				EE3C4D192A2C92840049F737 /* HomeRecommendBannerTableViewCell.swift in Sources */,
				EE3C4D0F2A2C90760049F737 /* TableOnlyView.swift in Sources */,
				EE6AB9102A262E4F00F18596 /* BaseViewController.swift in Sources */,
				EEEFAD6C2A2D817D00A2B140 /* RecommendShowListTableViewCell.swift in Sources */,
				EE3C4D272A2C97A90049F737 /* UIView+extension.swift in Sources */,
				EE3C4CE92A2B624D0049F737 /* MyPageDIContainer.swift in Sources */,
				EE6AB9142A262E8100F18596 /* BaseTableViewCell.swift in Sources */,
				EE3C4D1B2A2C92F20049F737 /* SectionTitleTableViewCell.swift in Sources */,
				EE6AB91E2A262EC400F18596 /* Repository.swift in Sources */,
				EEEFAD6E2A2D819500A2B140 /* RankingTicketCollectionViewCell.swift in Sources */,
				EE3C4CEB2A2B62550049F737 /* CategoryDIContainer.swift in Sources */,
				EE3C4CE32A2B3DC20049F737 /* TabBarCoordinator.swift in Sources */,
				EE6AB9202A262ECA00F18596 /* Service.swift in Sources */,
				EE3C4CE72A2B62450049F737 /* HomeDIContainer.swift in Sources */,
				EE3C4D012A2C8D0A0049F737 /* HomeHeaderView.swift in Sources */,
				EE3C4D1D2A2C93010049F737 /* CategorySelectTableViewCell.swift in Sources */,
				EE3C4CDD2A2B3D6D0049F737 /* DIContainer.swift in Sources */,
				EE3C4D122A2C911C0049F737 /* CellReuseable.swift in Sources */,
				EEEFAD742A2DAC7F00A2B140 /* BaseViewModel.swift in Sources */,
				EE3C4D292A2CA1200049F737 /* UIStackView+extension.swift in Sources */,
				EE3C4CEF2A2B64B60049F737 /* CategoryCoordinator.swift in Sources */,
				EE6AB9162A262E8A00F18596 /* BaseCollectionViewCell.swift in Sources */,
			);
			runOnlyForDeploymentPostprocessing = 0;
		};
/* End PBXSourcesBuildPhase section */

/* Begin PBXVariantGroup section */
		EE47A8B72A24C2D100FAAC06 /* LaunchScreen.storyboard */ = {
			isa = PBXVariantGroup;
			children = (
				EE47A8B82A24C2D100FAAC06 /* Base */,
			);
			name = LaunchScreen.storyboard;
			sourceTree = "<group>";
		};
/* End PBXVariantGroup section */

/* Begin XCBuildConfiguration section */
		EE47A8BB2A24C2D100FAAC06 /* Debug */ = {
			isa = XCBuildConfiguration;
			buildSettings = {
				ALWAYS_SEARCH_USER_PATHS = NO;
				CLANG_ANALYZER_NONNULL = YES;
				CLANG_ANALYZER_NUMBER_OBJECT_CONVERSION = YES_AGGRESSIVE;
				CLANG_CXX_LANGUAGE_STANDARD = "gnu++20";
				CLANG_ENABLE_MODULES = YES;
				CLANG_ENABLE_OBJC_ARC = YES;
				CLANG_ENABLE_OBJC_WEAK = YES;
				CLANG_WARN_BLOCK_CAPTURE_AUTORELEASING = YES;
				CLANG_WARN_BOOL_CONVERSION = YES;
				CLANG_WARN_COMMA = YES;
				CLANG_WARN_CONSTANT_CONVERSION = YES;
				CLANG_WARN_DEPRECATED_OBJC_IMPLEMENTATIONS = YES;
				CLANG_WARN_DIRECT_OBJC_ISA_USAGE = YES_ERROR;
				CLANG_WARN_DOCUMENTATION_COMMENTS = YES;
				CLANG_WARN_EMPTY_BODY = YES;
				CLANG_WARN_ENUM_CONVERSION = YES;
				CLANG_WARN_INFINITE_RECURSION = YES;
				CLANG_WARN_INT_CONVERSION = YES;
				CLANG_WARN_NON_LITERAL_NULL_CONVERSION = YES;
				CLANG_WARN_OBJC_IMPLICIT_RETAIN_SELF = YES;
				CLANG_WARN_OBJC_LITERAL_CONVERSION = YES;
				CLANG_WARN_OBJC_ROOT_CLASS = YES_ERROR;
				CLANG_WARN_QUOTED_INCLUDE_IN_FRAMEWORK_HEADER = YES;
				CLANG_WARN_RANGE_LOOP_ANALYSIS = YES;
				CLANG_WARN_STRICT_PROTOTYPES = YES;
				CLANG_WARN_SUSPICIOUS_MOVE = YES;
				CLANG_WARN_UNGUARDED_AVAILABILITY = YES_AGGRESSIVE;
				CLANG_WARN_UNREACHABLE_CODE = YES;
				CLANG_WARN__DUPLICATE_METHOD_MATCH = YES;
				COPY_PHASE_STRIP = NO;
				DEBUG_INFORMATION_FORMAT = dwarf;
				ENABLE_STRICT_OBJC_MSGSEND = YES;
				ENABLE_TESTABILITY = YES;
				GCC_C_LANGUAGE_STANDARD = gnu11;
				GCC_DYNAMIC_NO_PIC = NO;
				GCC_NO_COMMON_BLOCKS = YES;
				GCC_OPTIMIZATION_LEVEL = 0;
				GCC_PREPROCESSOR_DEFINITIONS = (
					"DEBUG=1",
					"$(inherited)",
				);
				GCC_WARN_64_TO_32_BIT_CONVERSION = YES;
				GCC_WARN_ABOUT_RETURN_TYPE = YES_ERROR;
				GCC_WARN_UNDECLARED_SELECTOR = YES;
				GCC_WARN_UNINITIALIZED_AUTOS = YES_AGGRESSIVE;
				GCC_WARN_UNUSED_FUNCTION = YES;
				GCC_WARN_UNUSED_VARIABLE = YES;
				IPHONEOS_DEPLOYMENT_TARGET = 16.0;
				MTL_ENABLE_DEBUG_INFO = INCLUDE_SOURCE;
				MTL_FAST_MATH = YES;
				ONLY_ACTIVE_ARCH = YES;
				SDKROOT = iphoneos;
				SWIFT_ACTIVE_COMPILATION_CONDITIONS = DEBUG;
				SWIFT_OPTIMIZATION_LEVEL = "-Onone";
			};
			name = Debug;
		};
		EE47A8BC2A24C2D100FAAC06 /* Release */ = {
			isa = XCBuildConfiguration;
			buildSettings = {
				ALWAYS_SEARCH_USER_PATHS = NO;
				CLANG_ANALYZER_NONNULL = YES;
				CLANG_ANALYZER_NUMBER_OBJECT_CONVERSION = YES_AGGRESSIVE;
				CLANG_CXX_LANGUAGE_STANDARD = "gnu++20";
				CLANG_ENABLE_MODULES = YES;
				CLANG_ENABLE_OBJC_ARC = YES;
				CLANG_ENABLE_OBJC_WEAK = YES;
				CLANG_WARN_BLOCK_CAPTURE_AUTORELEASING = YES;
				CLANG_WARN_BOOL_CONVERSION = YES;
				CLANG_WARN_COMMA = YES;
				CLANG_WARN_CONSTANT_CONVERSION = YES;
				CLANG_WARN_DEPRECATED_OBJC_IMPLEMENTATIONS = YES;
				CLANG_WARN_DIRECT_OBJC_ISA_USAGE = YES_ERROR;
				CLANG_WARN_DOCUMENTATION_COMMENTS = YES;
				CLANG_WARN_EMPTY_BODY = YES;
				CLANG_WARN_ENUM_CONVERSION = YES;
				CLANG_WARN_INFINITE_RECURSION = YES;
				CLANG_WARN_INT_CONVERSION = YES;
				CLANG_WARN_NON_LITERAL_NULL_CONVERSION = YES;
				CLANG_WARN_OBJC_IMPLICIT_RETAIN_SELF = YES;
				CLANG_WARN_OBJC_LITERAL_CONVERSION = YES;
				CLANG_WARN_OBJC_ROOT_CLASS = YES_ERROR;
				CLANG_WARN_QUOTED_INCLUDE_IN_FRAMEWORK_HEADER = YES;
				CLANG_WARN_RANGE_LOOP_ANALYSIS = YES;
				CLANG_WARN_STRICT_PROTOTYPES = YES;
				CLANG_WARN_SUSPICIOUS_MOVE = YES;
				CLANG_WARN_UNGUARDED_AVAILABILITY = YES_AGGRESSIVE;
				CLANG_WARN_UNREACHABLE_CODE = YES;
				CLANG_WARN__DUPLICATE_METHOD_MATCH = YES;
				COPY_PHASE_STRIP = NO;
				DEBUG_INFORMATION_FORMAT = "dwarf-with-dsym";
				ENABLE_NS_ASSERTIONS = NO;
				ENABLE_STRICT_OBJC_MSGSEND = YES;
				GCC_C_LANGUAGE_STANDARD = gnu11;
				GCC_NO_COMMON_BLOCKS = YES;
				GCC_WARN_64_TO_32_BIT_CONVERSION = YES;
				GCC_WARN_ABOUT_RETURN_TYPE = YES_ERROR;
				GCC_WARN_UNDECLARED_SELECTOR = YES;
				GCC_WARN_UNINITIALIZED_AUTOS = YES_AGGRESSIVE;
				GCC_WARN_UNUSED_FUNCTION = YES;
				GCC_WARN_UNUSED_VARIABLE = YES;
				IPHONEOS_DEPLOYMENT_TARGET = 16.0;
				MTL_ENABLE_DEBUG_INFO = NO;
				MTL_FAST_MATH = YES;
				SDKROOT = iphoneos;
				SWIFT_COMPILATION_MODE = wholemodule;
				SWIFT_OPTIMIZATION_LEVEL = "-O";
				VALIDATE_PRODUCT = YES;
			};
			name = Release;
		};
		EE47A8BE2A24C2D100FAAC06 /* Debug */ = {
			isa = XCBuildConfiguration;
			buildSettings = {
				ASSETCATALOG_COMPILER_APPICON_NAME = AppIcon;
				ASSETCATALOG_COMPILER_GLOBAL_ACCENT_COLOR_NAME = AccentColor;
				CODE_SIGN_STYLE = Automatic;
				CURRENT_PROJECT_VERSION = 1;
				DEVELOPMENT_TEAM = DS2AD6Q7T4;
				GENERATE_INFOPLIST_FILE = YES;
				INFOPLIST_FILE = HeyTicket/Resources/Info.plist;
				INFOPLIST_KEY_UIApplicationSupportsIndirectInputEvents = YES;
				INFOPLIST_KEY_UILaunchStoryboardName = LaunchScreen;
				INFOPLIST_KEY_UISupportedInterfaceOrientations_iPad = "UIInterfaceOrientationPortrait UIInterfaceOrientationPortraitUpsideDown UIInterfaceOrientationLandscapeLeft UIInterfaceOrientationLandscapeRight";
				INFOPLIST_KEY_UISupportedInterfaceOrientations_iPhone = "UIInterfaceOrientationPortrait UIInterfaceOrientationLandscapeLeft UIInterfaceOrientationLandscapeRight";
				LD_RUNPATH_SEARCH_PATHS = (
					"$(inherited)",
					"@executable_path/Frameworks",
				);
				MARKETING_VERSION = 1.0;
				PRODUCT_BUNDLE_IDENTIFIER = ssooya.HeyTicket;
				PRODUCT_NAME = "$(TARGET_NAME)";
				SWIFT_EMIT_LOC_STRINGS = YES;
				SWIFT_VERSION = 5.0;
				TARGETED_DEVICE_FAMILY = "1,2";
			};
			name = Debug;
		};
		EE47A8BF2A24C2D100FAAC06 /* Release */ = {
			isa = XCBuildConfiguration;
			buildSettings = {
				ASSETCATALOG_COMPILER_APPICON_NAME = AppIcon;
				ASSETCATALOG_COMPILER_GLOBAL_ACCENT_COLOR_NAME = AccentColor;
				CODE_SIGN_STYLE = Automatic;
				CURRENT_PROJECT_VERSION = 1;
				DEVELOPMENT_TEAM = DS2AD6Q7T4;
				GENERATE_INFOPLIST_FILE = YES;
				INFOPLIST_FILE = HeyTicket/Resources/Info.plist;
				INFOPLIST_KEY_UIApplicationSupportsIndirectInputEvents = YES;
				INFOPLIST_KEY_UILaunchStoryboardName = LaunchScreen;
				INFOPLIST_KEY_UISupportedInterfaceOrientations_iPad = "UIInterfaceOrientationPortrait UIInterfaceOrientationPortraitUpsideDown UIInterfaceOrientationLandscapeLeft UIInterfaceOrientationLandscapeRight";
				INFOPLIST_KEY_UISupportedInterfaceOrientations_iPhone = "UIInterfaceOrientationPortrait UIInterfaceOrientationLandscapeLeft UIInterfaceOrientationLandscapeRight";
				LD_RUNPATH_SEARCH_PATHS = (
					"$(inherited)",
					"@executable_path/Frameworks",
				);
				MARKETING_VERSION = 1.0;
				PRODUCT_BUNDLE_IDENTIFIER = ssooya.HeyTicket;
				PRODUCT_NAME = "$(TARGET_NAME)";
				SWIFT_EMIT_LOC_STRINGS = YES;
				SWIFT_VERSION = 5.0;
				TARGETED_DEVICE_FAMILY = "1,2";
			};
			name = Release;
		};
/* End XCBuildConfiguration section */

/* Begin XCConfigurationList section */
		EE47A8A42A24C2D000FAAC06 /* Build configuration list for PBXProject "HeyTicket" */ = {
			isa = XCConfigurationList;
			buildConfigurations = (
				EE47A8BB2A24C2D100FAAC06 /* Debug */,
				EE47A8BC2A24C2D100FAAC06 /* Release */,
			);
			defaultConfigurationIsVisible = 0;
			defaultConfigurationName = Debug;
		};
		EE47A8BD2A24C2D100FAAC06 /* Build configuration list for PBXNativeTarget "HeyTicket" */ = {
			isa = XCConfigurationList;
			buildConfigurations = (
				EE47A8BE2A24C2D100FAAC06 /* Debug */,
				EE47A8BF2A24C2D100FAAC06 /* Release */,
			);
			defaultConfigurationIsVisible = 0;
			defaultConfigurationName = Debug;
		};
/* End XCConfigurationList section */

/* Begin XCRemoteSwiftPackageReference section */
		EE7A96F42A25D32E003E362F /* XCRemoteSwiftPackageReference "SnapKit" */ = {
			isa = XCRemoteSwiftPackageReference;
			repositoryURL = "https://github.com/SnapKit/SnapKit.git";
			requirement = {
				kind = upToNextMajorVersion;
				minimumVersion = 5.0.0;
			};
		};
		EE7A96F72A25D3B9003E362F /* XCRemoteSwiftPackageReference "RxSwift" */ = {
			isa = XCRemoteSwiftPackageReference;
			repositoryURL = "https://github.com/ReactiveX/RxSwift.git";
			requirement = {
				kind = upToNextMajorVersion;
				minimumVersion = 6.0.0;
			};
		};
/* End XCRemoteSwiftPackageReference section */

/* Begin XCSwiftPackageProductDependency section */
		EE7A96F52A25D32E003E362F /* SnapKit */ = {
			isa = XCSwiftPackageProductDependency;
			package = EE7A96F42A25D32E003E362F /* XCRemoteSwiftPackageReference "SnapKit" */;
			productName = SnapKit;
		};
		EE7A96F82A25D3B9003E362F /* RxCocoa */ = {
			isa = XCSwiftPackageProductDependency;
			package = EE7A96F72A25D3B9003E362F /* XCRemoteSwiftPackageReference "RxSwift" */;
			productName = RxCocoa;
		};
		EE7A96FA2A25D3B9003E362F /* RxSwift */ = {
			isa = XCSwiftPackageProductDependency;
			package = EE7A96F72A25D3B9003E362F /* XCRemoteSwiftPackageReference "RxSwift" */;
			productName = RxSwift;
		};
/* End XCSwiftPackageProductDependency section */
	};
	rootObject = EE47A8A12A24C2D000FAAC06 /* Project object */;
}
